// !$*UTF8*$!
{
	archiveVersion = 1;
	classes = {
	};
	objectVersion = 46;
	objects = {

/* Begin PBXBuildFile section */
		131C6F9218F7CD1200654D6E /* TiCheck-Info.plist in Resources */ = {isa = PBXBuildFile; fileRef = A0620B0318D7242C003A7A55 /* TiCheck-Info.plist */; };
		131C6F9318F7CD7200654D6E /* Roboto-Bold.ttf in Resources */ = {isa = PBXBuildFile; fileRef = 131C6F8D18F7CBE500654D6E /* Roboto-Bold.ttf */; };
		131C6F9418F7CD7200654D6E /* Roboto-BoldCondensed.ttf in Resources */ = {isa = PBXBuildFile; fileRef = 131C6F8E18F7CBE500654D6E /* Roboto-BoldCondensed.ttf */; };
		131C6F9518F7CD7200654D6E /* Roboto-Condensed.ttf in Resources */ = {isa = PBXBuildFile; fileRef = 131C6F8F18F7CBE500654D6E /* Roboto-Condensed.ttf */; };
		131C6F9618F7CD7200654D6E /* Roboto-Medium.ttf in Resources */ = {isa = PBXBuildFile; fileRef = 131C6F9018F7CBE500654D6E /* Roboto-Medium.ttf */; };
		131C6F9718F7CD7200654D6E /* Roboto-Regular.ttf in Resources */ = {isa = PBXBuildFile; fileRef = 131C6F9118F7CBE500654D6E /* Roboto-Regular.ttf */; };
		135F6B94190003E50061F51F /* PersonalCenterViewController.m in Sources */ = {isa = PBXBuildFile; fileRef = 135F6B93190003E50061F51F /* PersonalCenterViewController.m */; };
		135F6B97190014C10061F51F /* PersonalOrderViewController.m in Sources */ = {isa = PBXBuildFile; fileRef = 135F6B96190014C10061F51F /* PersonalOrderViewController.m */; };
		135F6B9B190018280061F51F /* PersonalOrderTableViewCell.m in Sources */ = {isa = PBXBuildFile; fileRef = 135F6B99190018280061F51F /* PersonalOrderTableViewCell.m */; };
		135F6B9C190018280061F51F /* PersonalOrderTableViewCell.xib in Resources */ = {isa = PBXBuildFile; fileRef = 135F6B9A190018280061F51F /* PersonalOrderTableViewCell.xib */; };
		1370841A18F7BC0200FD4949 /* TickectInfoViewController.m in Sources */ = {isa = PBXBuildFile; fileRef = 1370841918F7BC0200FD4949 /* TickectInfoViewController.m */; };
		13BF8D9718FB820C00B8E0E1 /* OrderInfoViewController.m in Sources */ = {isa = PBXBuildFile; fileRef = 13BF8D9618FB820C00B8E0E1 /* OrderInfoViewController.m */; };
		13FA570918FB8D2300FD1C1F /* OIVCPassengerInfoView.m in Sources */ = {isa = PBXBuildFile; fileRef = 13FA570818FB8D2300FD1C1F /* OIVCPassengerInfoView.m */; };
		2491398218ED273D00061780 /* SearchResultViewController.m in Sources */ = {isa = PBXBuildFile; fileRef = 2491398118ED273D00061780 /* SearchResultViewController.m */; };
		2491398518ED290700061780 /* SearchResultCell.m in Sources */ = {isa = PBXBuildFile; fileRef = 2491398418ED290700061780 /* SearchResultCell.m */; };
		2491398D18ED855000061780 /* LineChart.m in Sources */ = {isa = PBXBuildFile; fileRef = 2491398C18ED855000061780 /* LineChart.m */; };
		24FC2B7118EC41A600F6A2A9 /* LoginRegisterViewController.m in Sources */ = {isa = PBXBuildFile; fileRef = 24FC2B7018EC41A600F6A2A9 /* LoginRegisterViewController.m */; };
		24FC2B8618EC5C1400F6A2A9 /* RegisterViewController.m in Sources */ = {isa = PBXBuildFile; fileRef = 24FC2B8518EC5C1400F6A2A9 /* RegisterViewController.m */; };
		24FC2B8A18EC5EE200F6A2A9 /* UserData.m in Sources */ = {isa = PBXBuildFile; fileRef = 24FC2B8918EC5EE200F6A2A9 /* UserData.m */; };
		24FC2B8D18EC682900F6A2A9 /* LoginViewController.m in Sources */ = {isa = PBXBuildFile; fileRef = 24FC2B8C18EC682900F6A2A9 /* LoginViewController.m */; };
		68436EF918FEC3810043B10E /* PayProcessViewController.m in Sources */ = {isa = PBXBuildFile; fileRef = 68436EF818FEC3810043B10E /* PayProcessViewController.m */; };
		68EDF8C118F5A09A008E19B4 /* AccountEditViewController.m in Sources */ = {isa = PBXBuildFile; fileRef = 68EDF8C018F5A09A008E19B4 /* AccountEditViewController.m */; };
		68FDEE8418F7C9C5006C4A99 /* AccountEditDetailViewController.m in Sources */ = {isa = PBXBuildFile; fileRef = 68FDEE8318F7C9C5006C4A99 /* AccountEditDetailViewController.m */; };
		A0040BC418E92768008E6485 /* Main.storyboard in Resources */ = {isa = PBXBuildFile; fileRef = A0040BC318E92768008E6485 /* Main.storyboard */; };
		A0040BC718E92783008E6485 /* ViewController.m in Sources */ = {isa = PBXBuildFile; fileRef = A0040BC618E92783008E6485 /* ViewController.m */; };
		A00CE48618F278E900151513 /* FlightOrderListTest.m in Sources */ = {isa = PBXBuildFile; fileRef = A00CE48518F278E900151513 /* FlightOrderListTest.m */; };
		A00CE48818F286D600151513 /* FlightViewOrderTest.m in Sources */ = {isa = PBXBuildFile; fileRef = A00CE48718F286D600151513 /* FlightViewOrderTest.m */; };
		A00CE48A18F28C5400151513 /* GetStatusChangedOrdersTest.m in Sources */ = {isa = PBXBuildFile; fileRef = A00CE48918F28C5400151513 /* GetStatusChangedOrdersTest.m */; };
		A01DEF2818E8F73F00E95F32 /* UserUniqueIDTest.m in Sources */ = {isa = PBXBuildFile; fileRef = A01DEF2718E8F73F00E95F32 /* UserUniqueIDTest.m */; };
		A033D49018F1454D00C3E9FD /* FlightSaveOrderTest.m in Sources */ = {isa = PBXBuildFile; fileRef = A033D48F18F1454D00C3E9FD /* FlightSaveOrderTest.m */; };
		A0452E2D18FE4A5200DED4EE /* Airport.m in Sources */ = {isa = PBXBuildFile; fileRef = A0452E2C18FE4A5200DED4EE /* Airport.m */; };
		A0452E2F18FE4A8400DED4EE /* Airports.xml in Resources */ = {isa = PBXBuildFile; fileRef = A0452E2E18FE4A8400DED4EE /* Airports.xml */; };
		A0452E3318FE605C00DED4EE /* CraftTypes.xml in Resources */ = {isa = PBXBuildFile; fileRef = A0452E3218FE605C00DED4EE /* CraftTypes.xml */; };
		A0452E3618FE607000DED4EE /* CraftType.m in Sources */ = {isa = PBXBuildFile; fileRef = A0452E3518FE607000DED4EE /* CraftType.m */; };
		A0620AFA18D7242C003A7A55 /* Foundation.framework in Frameworks */ = {isa = PBXBuildFile; fileRef = A0620AF918D7242C003A7A55 /* Foundation.framework */; };
		A0620AFC18D7242C003A7A55 /* CoreGraphics.framework in Frameworks */ = {isa = PBXBuildFile; fileRef = A0620AFB18D7242C003A7A55 /* CoreGraphics.framework */; };
		A0620AFE18D7242C003A7A55 /* UIKit.framework in Frameworks */ = {isa = PBXBuildFile; fileRef = A0620AFD18D7242C003A7A55 /* UIKit.framework */; };
		A0620B0018D7242C003A7A55 /* CoreData.framework in Frameworks */ = {isa = PBXBuildFile; fileRef = A0620AFF18D7242C003A7A55 /* CoreData.framework */; };
		A0620B0618D7242C003A7A55 /* InfoPlist.strings in Resources */ = {isa = PBXBuildFile; fileRef = A0620B0418D7242C003A7A55 /* InfoPlist.strings */; };
		A0620B0818D7242C003A7A55 /* main.m in Sources */ = {isa = PBXBuildFile; fileRef = A0620B0718D7242C003A7A55 /* main.m */; };
		A0620B0C18D7242C003A7A55 /* AppDelegate.m in Sources */ = {isa = PBXBuildFile; fileRef = A0620B0B18D7242C003A7A55 /* AppDelegate.m */; };
		A0620B1118D7242C003A7A55 /* Images.xcassets in Resources */ = {isa = PBXBuildFile; fileRef = A0620B1018D7242C003A7A55 /* Images.xcassets */; };
		A0620B1818D7242C003A7A55 /* XCTest.framework in Frameworks */ = {isa = PBXBuildFile; fileRef = A0620B1718D7242C003A7A55 /* XCTest.framework */; };
		A0620B1918D7242C003A7A55 /* Foundation.framework in Frameworks */ = {isa = PBXBuildFile; fileRef = A0620AF918D7242C003A7A55 /* Foundation.framework */; };
		A0620B1A18D7242C003A7A55 /* UIKit.framework in Frameworks */ = {isa = PBXBuildFile; fileRef = A0620AFD18D7242C003A7A55 /* UIKit.framework */; };
		A0620B1B18D7242C003A7A55 /* CoreData.framework in Frameworks */ = {isa = PBXBuildFile; fileRef = A0620AFF18D7242C003A7A55 /* CoreData.framework */; };
		A0620B2318D7242C003A7A55 /* InfoPlist.strings in Resources */ = {isa = PBXBuildFile; fileRef = A0620B2118D7242C003A7A55 /* InfoPlist.strings */; };
		A0620B2518D7242C003A7A55 /* TiCheckTests.m in Sources */ = {isa = PBXBuildFile; fileRef = A0620B2418D7242C003A7A55 /* TiCheckTests.m */; };
		A0620B6018D72743003A7A55 /* Contact.m in Sources */ = {isa = PBXBuildFile; fileRef = A0620B5518D72743003A7A55 /* Contact.m */; };
		A0620B6118D72743003A7A55 /* CreditCardInfo.m in Sources */ = {isa = PBXBuildFile; fileRef = A0620B5718D72743003A7A55 /* CreditCardInfo.m */; };
		A0620B6218D72743003A7A55 /* DeliverInfo.m in Sources */ = {isa = PBXBuildFile; fileRef = A0620B5918D72743003A7A55 /* DeliverInfo.m */; };
		A0620B6318D72743003A7A55 /* Flight.m in Sources */ = {isa = PBXBuildFile; fileRef = A0620B5B18D72743003A7A55 /* Flight.m */; };
		A0620B6418D72743003A7A55 /* Order.m in Sources */ = {isa = PBXBuildFile; fileRef = A0620B5D18D72743003A7A55 /* Order.m */; };
		A0620B6518D72743003A7A55 /* Passenger.m in Sources */ = {isa = PBXBuildFile; fileRef = A0620B5F18D72743003A7A55 /* Passenger.m */; };
		A0620B6B18D72772003A7A55 /* NSString+DateFormat.m in Sources */ = {isa = PBXBuildFile; fileRef = A0620B6818D72772003A7A55 /* NSString+DateFormat.m */; };
		A0620B6C18D72772003A7A55 /* NSString+EnumTransform.m in Sources */ = {isa = PBXBuildFile; fileRef = A0620B6A18D72772003A7A55 /* NSString+EnumTransform.m */; };
		A0620B8F18D727B6003A7A55 /* OTAFlightCancelOrder.m in Sources */ = {isa = PBXBuildFile; fileRef = A0620B7118D727B6003A7A55 /* OTAFlightCancelOrder.m */; };
		A0620B9018D727B6003A7A55 /* OTAFlightOrderList.m in Sources */ = {isa = PBXBuildFile; fileRef = A0620B7318D727B6003A7A55 /* OTAFlightOrderList.m */; };
		A0620B9118D727B6003A7A55 /* OTAFlightSaveOrder.m in Sources */ = {isa = PBXBuildFile; fileRef = A0620B7518D727B6003A7A55 /* OTAFlightSaveOrder.m */; };
		A0620B9218D727B6003A7A55 /* OTAFlightSearch.m in Sources */ = {isa = PBXBuildFile; fileRef = A0620B7718D727B6003A7A55 /* OTAFlightSearch.m */; };
		A0620B9318D727B6003A7A55 /* OTAFlightViewOrder.m in Sources */ = {isa = PBXBuildFile; fileRef = A0620B7918D727B6003A7A55 /* OTAFlightViewOrder.m */; };
		A0620B9418D727B6003A7A55 /* OTAGetStatusChangedOrders.m in Sources */ = {isa = PBXBuildFile; fileRef = A0620B7B18D727B6003A7A55 /* OTAGetStatusChangedOrders.m */; };
		A0620B9518D727B6003A7A55 /* OTAUserUniqueID.m in Sources */ = {isa = PBXBuildFile; fileRef = A0620B7D18D727B6003A7A55 /* OTAUserUniqueID.m */; };
		A0620B9618D727B6003A7A55 /* OTAFlightCancelOrderResponse.m in Sources */ = {isa = PBXBuildFile; fileRef = A0620B8018D727B6003A7A55 /* OTAFlightCancelOrderResponse.m */; };
		A0620B9718D727B6003A7A55 /* OTAFlightOrderListResponse.m in Sources */ = {isa = PBXBuildFile; fileRef = A0620B8218D727B6003A7A55 /* OTAFlightOrderListResponse.m */; };
		A0620B9818D727B6003A7A55 /* OTAFlightSaveOrderResponse.m in Sources */ = {isa = PBXBuildFile; fileRef = A0620B8418D727B6003A7A55 /* OTAFlightSaveOrderResponse.m */; };
		A0620B9918D727B6003A7A55 /* OTAFlightSearchResponse.m in Sources */ = {isa = PBXBuildFile; fileRef = A0620B8618D727B6003A7A55 /* OTAFlightSearchResponse.m */; };
		A0620B9A18D727B6003A7A55 /* OTAFlightViewOrderResponse.m in Sources */ = {isa = PBXBuildFile; fileRef = A0620B8818D727B6003A7A55 /* OTAFlightViewOrderResponse.m */; };
		A0620B9B18D727B6003A7A55 /* OTAGetStatusChangedOrdersResponse.m in Sources */ = {isa = PBXBuildFile; fileRef = A0620B8A18D727B6003A7A55 /* OTAGetStatusChangedOrdersResponse.m */; };
		A0620B9C18D727B6003A7A55 /* OTAResponse.m in Sources */ = {isa = PBXBuildFile; fileRef = A0620B8C18D727B6003A7A55 /* OTAResponse.m */; };
		A0620B9D18D727B6003A7A55 /* OTAUserUniqueIDResponse.m in Sources */ = {isa = PBXBuildFile; fileRef = A0620B8E18D727B6003A7A55 /* OTAUserUniqueIDResponse.m */; };
		A0620BA218D727D6003A7A55 /* ConfigurationHelper.m in Sources */ = {isa = PBXBuildFile; fileRef = A0620B9F18D727D6003A7A55 /* ConfigurationHelper.m */; };
		A0620BA318D727D6003A7A55 /* SoapRequest.m in Sources */ = {isa = PBXBuildFile; fileRef = A0620BA118D727D6003A7A55 /* SoapRequest.m */; };
		A0B677F918FABF5700A4DC76 /* DomesticCities.xml in Resources */ = {isa = PBXBuildFile; fileRef = A0B677F818FABF5700A4DC76 /* DomesticCities.xml */; };
		A0B6780618FAC2E900A4DC76 /* APIResourceHelper.m in Sources */ = {isa = PBXBuildFile; fileRef = A0B6780518FAC2E900A4DC76 /* APIResourceHelper.m */; };
		A0B6780918FAC35A00A4DC76 /* DomesticCity.m in Sources */ = {isa = PBXBuildFile; fileRef = A0B6780818FAC35A00A4DC76 /* DomesticCity.m */; };
		A0CFE2A518EA69F400AEAEF2 /* FlightSearchTest.m in Sources */ = {isa = PBXBuildFile; fileRef = A0CFE2A418EA69F400AEAEF2 /* FlightSearchTest.m */; };
		C69E840808974A8CAEDB832F /* libPods.a in Frameworks */ = {isa = PBXBuildFile; fileRef = 74C29AE6E97F440E8ABC5203 /* libPods.a */; };
/* End PBXBuildFile section */

/* Begin PBXContainerItemProxy section */
		A0620B1C18D7242C003A7A55 /* PBXContainerItemProxy */ = {
			isa = PBXContainerItemProxy;
			containerPortal = A0620AEE18D7242C003A7A55 /* Project object */;
			proxyType = 1;
			remoteGlobalIDString = A0620AF518D7242C003A7A55;
			remoteInfo = TiCheck;
		};
/* End PBXContainerItemProxy section */

/* Begin PBXFileReference section */
		131C6F8D18F7CBE500654D6E /* Roboto-Bold.ttf */ = {isa = PBXFileReference; lastKnownFileType = file; path = "Roboto-Bold.ttf"; sourceTree = "<group>"; };
		131C6F8E18F7CBE500654D6E /* Roboto-BoldCondensed.ttf */ = {isa = PBXFileReference; lastKnownFileType = file; path = "Roboto-BoldCondensed.ttf"; sourceTree = "<group>"; };
		131C6F8F18F7CBE500654D6E /* Roboto-Condensed.ttf */ = {isa = PBXFileReference; lastKnownFileType = file; path = "Roboto-Condensed.ttf"; sourceTree = "<group>"; };
		131C6F9018F7CBE500654D6E /* Roboto-Medium.ttf */ = {isa = PBXFileReference; lastKnownFileType = file; path = "Roboto-Medium.ttf"; sourceTree = "<group>"; };
		131C6F9118F7CBE500654D6E /* Roboto-Regular.ttf */ = {isa = PBXFileReference; lastKnownFileType = file; path = "Roboto-Regular.ttf"; sourceTree = "<group>"; };
		135F6B92190003E50061F51F /* PersonalCenterViewController.h */ = {isa = PBXFileReference; fileEncoding = 4; lastKnownFileType = sourcecode.c.h; path = PersonalCenterViewController.h; sourceTree = "<group>"; };
		135F6B93190003E50061F51F /* PersonalCenterViewController.m */ = {isa = PBXFileReference; fileEncoding = 4; lastKnownFileType = sourcecode.c.objc; path = PersonalCenterViewController.m; sourceTree = "<group>"; };
		135F6B95190014C10061F51F /* PersonalOrderViewController.h */ = {isa = PBXFileReference; fileEncoding = 4; lastKnownFileType = sourcecode.c.h; path = PersonalOrderViewController.h; sourceTree = "<group>"; };
		135F6B96190014C10061F51F /* PersonalOrderViewController.m */ = {isa = PBXFileReference; fileEncoding = 4; lastKnownFileType = sourcecode.c.objc; path = PersonalOrderViewController.m; sourceTree = "<group>"; };
		135F6B98190018280061F51F /* PersonalOrderTableViewCell.h */ = {isa = PBXFileReference; fileEncoding = 4; lastKnownFileType = sourcecode.c.h; path = PersonalOrderTableViewCell.h; sourceTree = "<group>"; };
		135F6B99190018280061F51F /* PersonalOrderTableViewCell.m */ = {isa = PBXFileReference; fileEncoding = 4; lastKnownFileType = sourcecode.c.objc; path = PersonalOrderTableViewCell.m; sourceTree = "<group>"; };
		135F6B9A190018280061F51F /* PersonalOrderTableViewCell.xib */ = {isa = PBXFileReference; fileEncoding = 4; lastKnownFileType = file.xib; path = PersonalOrderTableViewCell.xib; sourceTree = "<group>"; };
		1370841818F7BC0200FD4949 /* TickectInfoViewController.h */ = {isa = PBXFileReference; fileEncoding = 4; lastKnownFileType = sourcecode.c.h; path = TickectInfoViewController.h; sourceTree = "<group>"; };
		1370841918F7BC0200FD4949 /* TickectInfoViewController.m */ = {isa = PBXFileReference; fileEncoding = 4; lastKnownFileType = sourcecode.c.objc; path = TickectInfoViewController.m; sourceTree = "<group>"; };
		13BF8D9518FB820C00B8E0E1 /* OrderInfoViewController.h */ = {isa = PBXFileReference; fileEncoding = 4; lastKnownFileType = sourcecode.c.h; path = OrderInfoViewController.h; sourceTree = "<group>"; };
		13BF8D9618FB820C00B8E0E1 /* OrderInfoViewController.m */ = {isa = PBXFileReference; fileEncoding = 4; lastKnownFileType = sourcecode.c.objc; path = OrderInfoViewController.m; sourceTree = "<group>"; };
		13FA570718FB8D2300FD1C1F /* OIVCPassengerInfoView.h */ = {isa = PBXFileReference; fileEncoding = 4; lastKnownFileType = sourcecode.c.h; path = OIVCPassengerInfoView.h; sourceTree = "<group>"; };
		13FA570818FB8D2300FD1C1F /* OIVCPassengerInfoView.m */ = {isa = PBXFileReference; fileEncoding = 4; lastKnownFileType = sourcecode.c.objc; path = OIVCPassengerInfoView.m; sourceTree = "<group>"; };
		2491398018ED273D00061780 /* SearchResultViewController.h */ = {isa = PBXFileReference; fileEncoding = 4; lastKnownFileType = sourcecode.c.h; path = SearchResultViewController.h; sourceTree = "<group>"; };
		2491398118ED273D00061780 /* SearchResultViewController.m */ = {isa = PBXFileReference; fileEncoding = 4; lastKnownFileType = sourcecode.c.objc; path = SearchResultViewController.m; sourceTree = "<group>"; };
		2491398318ED290600061780 /* SearchResultCell.h */ = {isa = PBXFileReference; fileEncoding = 4; lastKnownFileType = sourcecode.c.h; path = SearchResultCell.h; sourceTree = "<group>"; };
		2491398418ED290700061780 /* SearchResultCell.m */ = {isa = PBXFileReference; fileEncoding = 4; lastKnownFileType = sourcecode.c.objc; path = SearchResultCell.m; sourceTree = "<group>"; };
		2491398B18ED855000061780 /* LineChart.h */ = {isa = PBXFileReference; fileEncoding = 4; lastKnownFileType = sourcecode.c.h; path = LineChart.h; sourceTree = "<group>"; };
		2491398C18ED855000061780 /* LineChart.m */ = {isa = PBXFileReference; fileEncoding = 4; lastKnownFileType = sourcecode.c.objc; path = LineChart.m; sourceTree = "<group>"; };
		24FC2B6F18EC41A600F6A2A9 /* LoginRegisterViewController.h */ = {isa = PBXFileReference; fileEncoding = 4; lastKnownFileType = sourcecode.c.h; path = LoginRegisterViewController.h; sourceTree = "<group>"; };
		24FC2B7018EC41A600F6A2A9 /* LoginRegisterViewController.m */ = {isa = PBXFileReference; fileEncoding = 4; lastKnownFileType = sourcecode.c.objc; path = LoginRegisterViewController.m; sourceTree = "<group>"; };
		24FC2B8418EC5C1400F6A2A9 /* RegisterViewController.h */ = {isa = PBXFileReference; fileEncoding = 4; lastKnownFileType = sourcecode.c.h; path = RegisterViewController.h; sourceTree = "<group>"; };
		24FC2B8518EC5C1400F6A2A9 /* RegisterViewController.m */ = {isa = PBXFileReference; fileEncoding = 4; lastKnownFileType = sourcecode.c.objc; path = RegisterViewController.m; sourceTree = "<group>"; };
		24FC2B8818EC5EE200F6A2A9 /* UserData.h */ = {isa = PBXFileReference; fileEncoding = 4; lastKnownFileType = sourcecode.c.h; path = UserData.h; sourceTree = "<group>"; };
		24FC2B8918EC5EE200F6A2A9 /* UserData.m */ = {isa = PBXFileReference; fileEncoding = 4; lastKnownFileType = sourcecode.c.objc; path = UserData.m; sourceTree = "<group>"; };
		24FC2B8B18EC682900F6A2A9 /* LoginViewController.h */ = {isa = PBXFileReference; fileEncoding = 4; lastKnownFileType = sourcecode.c.h; path = LoginViewController.h; sourceTree = "<group>"; };
		24FC2B8C18EC682900F6A2A9 /* LoginViewController.m */ = {isa = PBXFileReference; fileEncoding = 4; lastKnownFileType = sourcecode.c.objc; path = LoginViewController.m; sourceTree = "<group>"; };
		42AADAB7606D44D9A9B23A74 /* Pods.xcconfig */ = {isa = PBXFileReference; includeInIndex = 1; lastKnownFileType = text.xcconfig; name = Pods.xcconfig; path = Pods/Pods.xcconfig; sourceTree = "<group>"; };
		68436EF718FEC3810043B10E /* PayProcessViewController.h */ = {isa = PBXFileReference; fileEncoding = 4; lastKnownFileType = sourcecode.c.h; path = PayProcessViewController.h; sourceTree = "<group>"; };
		68436EF818FEC3810043B10E /* PayProcessViewController.m */ = {isa = PBXFileReference; fileEncoding = 4; lastKnownFileType = sourcecode.c.objc; path = PayProcessViewController.m; sourceTree = "<group>"; };
		68EDF8BF18F5A099008E19B4 /* AccountEditViewController.h */ = {isa = PBXFileReference; fileEncoding = 4; lastKnownFileType = sourcecode.c.h; path = AccountEditViewController.h; sourceTree = "<group>"; };
		68EDF8C018F5A09A008E19B4 /* AccountEditViewController.m */ = {isa = PBXFileReference; fileEncoding = 4; lastKnownFileType = sourcecode.c.objc; path = AccountEditViewController.m; sourceTree = "<group>"; };
		68FDEE8218F7C9C5006C4A99 /* AccountEditDetailViewController.h */ = {isa = PBXFileReference; fileEncoding = 4; lastKnownFileType = sourcecode.c.h; path = AccountEditDetailViewController.h; sourceTree = "<group>"; };
		68FDEE8318F7C9C5006C4A99 /* AccountEditDetailViewController.m */ = {isa = PBXFileReference; fileEncoding = 4; lastKnownFileType = sourcecode.c.objc; path = AccountEditDetailViewController.m; sourceTree = "<group>"; };
		74C29AE6E97F440E8ABC5203 /* libPods.a */ = {isa = PBXFileReference; explicitFileType = archive.ar; includeInIndex = 0; path = libPods.a; sourceTree = BUILT_PRODUCTS_DIR; };
		A0040BC318E92768008E6485 /* Main.storyboard */ = {isa = PBXFileReference; fileEncoding = 4; lastKnownFileType = file.storyboard; path = Main.storyboard; sourceTree = "<group>"; };
		A0040BC518E92783008E6485 /* ViewController.h */ = {isa = PBXFileReference; fileEncoding = 4; lastKnownFileType = sourcecode.c.h; path = ViewController.h; sourceTree = "<group>"; };
		A0040BC618E92783008E6485 /* ViewController.m */ = {isa = PBXFileReference; fileEncoding = 4; lastKnownFileType = sourcecode.c.objc; path = ViewController.m; sourceTree = "<group>"; };
		A0040BC818E927BE008E6485 /* zh-Hans */ = {isa = PBXFileReference; lastKnownFileType = text.plist.strings; name = "zh-Hans"; path = "zh-Hans.lproj/InfoPlist.strings"; sourceTree = "<group>"; };
		A0040BC918E927BE008E6485 /* zh-Hans */ = {isa = PBXFileReference; lastKnownFileType = text.plist.strings; name = "zh-Hans"; path = "zh-Hans.lproj/InfoPlist.strings"; sourceTree = "<group>"; };
		A00CE48518F278E900151513 /* FlightOrderListTest.m */ = {isa = PBXFileReference; fileEncoding = 4; lastKnownFileType = sourcecode.c.objc; path = FlightOrderListTest.m; sourceTree = "<group>"; };
		A00CE48718F286D600151513 /* FlightViewOrderTest.m */ = {isa = PBXFileReference; fileEncoding = 4; lastKnownFileType = sourcecode.c.objc; path = FlightViewOrderTest.m; sourceTree = "<group>"; };
		A00CE48918F28C5400151513 /* GetStatusChangedOrdersTest.m */ = {isa = PBXFileReference; fileEncoding = 4; lastKnownFileType = sourcecode.c.objc; path = GetStatusChangedOrdersTest.m; sourceTree = "<group>"; };
		A01DEF2718E8F73F00E95F32 /* UserUniqueIDTest.m */ = {isa = PBXFileReference; fileEncoding = 4; lastKnownFileType = sourcecode.c.objc; path = UserUniqueIDTest.m; sourceTree = "<group>"; };
		A033D48F18F1454D00C3E9FD /* FlightSaveOrderTest.m */ = {isa = PBXFileReference; fileEncoding = 4; lastKnownFileType = sourcecode.c.objc; path = FlightSaveOrderTest.m; sourceTree = "<group>"; };
		A0452E2B18FE4A5200DED4EE /* Airport.h */ = {isa = PBXFileReference; fileEncoding = 4; lastKnownFileType = sourcecode.c.h; path = Airport.h; sourceTree = "<group>"; };
		A0452E2C18FE4A5200DED4EE /* Airport.m */ = {isa = PBXFileReference; fileEncoding = 4; lastKnownFileType = sourcecode.c.objc; path = Airport.m; sourceTree = "<group>"; };
		A0452E2E18FE4A8400DED4EE /* Airports.xml */ = {isa = PBXFileReference; fileEncoding = 4; lastKnownFileType = text.xml; name = Airports.xml; path = Resources/APIRelated/Airports.xml; sourceTree = "<group>"; };
		A0452E3218FE605C00DED4EE /* CraftTypes.xml */ = {isa = PBXFileReference; fileEncoding = 4; lastKnownFileType = text.xml; name = CraftTypes.xml; path = Resources/APIRelated/CraftTypes.xml; sourceTree = "<group>"; };
		A0452E3418FE607000DED4EE /* CraftType.h */ = {isa = PBXFileReference; fileEncoding = 4; lastKnownFileType = sourcecode.c.h; path = CraftType.h; sourceTree = "<group>"; };
		A0452E3518FE607000DED4EE /* CraftType.m */ = {isa = PBXFileReference; fileEncoding = 4; lastKnownFileType = sourcecode.c.objc; path = CraftType.m; sourceTree = "<group>"; };
		A0620AF618D7242C003A7A55 /* TiCheck.app */ = {isa = PBXFileReference; explicitFileType = wrapper.application; includeInIndex = 0; path = TiCheck.app; sourceTree = BUILT_PRODUCTS_DIR; };
		A0620AF918D7242C003A7A55 /* Foundation.framework */ = {isa = PBXFileReference; lastKnownFileType = wrapper.framework; name = Foundation.framework; path = System/Library/Frameworks/Foundation.framework; sourceTree = SDKROOT; };
		A0620AFB18D7242C003A7A55 /* CoreGraphics.framework */ = {isa = PBXFileReference; lastKnownFileType = wrapper.framework; name = CoreGraphics.framework; path = System/Library/Frameworks/CoreGraphics.framework; sourceTree = SDKROOT; };
		A0620AFD18D7242C003A7A55 /* UIKit.framework */ = {isa = PBXFileReference; lastKnownFileType = wrapper.framework; name = UIKit.framework; path = System/Library/Frameworks/UIKit.framework; sourceTree = SDKROOT; };
		A0620AFF18D7242C003A7A55 /* CoreData.framework */ = {isa = PBXFileReference; lastKnownFileType = wrapper.framework; name = CoreData.framework; path = System/Library/Frameworks/CoreData.framework; sourceTree = SDKROOT; };
		A0620B0318D7242C003A7A55 /* TiCheck-Info.plist */ = {isa = PBXFileReference; lastKnownFileType = text.plist.xml; path = "TiCheck-Info.plist"; sourceTree = "<group>"; };
		A0620B0518D7242C003A7A55 /* en */ = {isa = PBXFileReference; lastKnownFileType = text.plist.strings; name = en; path = en.lproj/InfoPlist.strings; sourceTree = "<group>"; };
		A0620B0718D7242C003A7A55 /* main.m */ = {isa = PBXFileReference; lastKnownFileType = sourcecode.c.objc; path = main.m; sourceTree = "<group>"; };
		A0620B0918D7242C003A7A55 /* TiCheck-Prefix.pch */ = {isa = PBXFileReference; lastKnownFileType = sourcecode.c.h; path = "TiCheck-Prefix.pch"; sourceTree = "<group>"; };
		A0620B0A18D7242C003A7A55 /* AppDelegate.h */ = {isa = PBXFileReference; lastKnownFileType = sourcecode.c.h; path = AppDelegate.h; sourceTree = "<group>"; };
		A0620B0B18D7242C003A7A55 /* AppDelegate.m */ = {isa = PBXFileReference; lastKnownFileType = sourcecode.c.objc; path = AppDelegate.m; sourceTree = "<group>"; };
		A0620B1018D7242C003A7A55 /* Images.xcassets */ = {isa = PBXFileReference; lastKnownFileType = folder.assetcatalog; path = Images.xcassets; sourceTree = "<group>"; };
		A0620B1618D7242C003A7A55 /* TiCheckTests.xctest */ = {isa = PBXFileReference; explicitFileType = wrapper.cfbundle; includeInIndex = 0; path = TiCheckTests.xctest; sourceTree = BUILT_PRODUCTS_DIR; };
		A0620B1718D7242C003A7A55 /* XCTest.framework */ = {isa = PBXFileReference; lastKnownFileType = wrapper.framework; name = XCTest.framework; path = Library/Frameworks/XCTest.framework; sourceTree = DEVELOPER_DIR; };
		A0620B2018D7242C003A7A55 /* TiCheckTests-Info.plist */ = {isa = PBXFileReference; lastKnownFileType = text.plist.xml; path = "TiCheckTests-Info.plist"; sourceTree = "<group>"; };
		A0620B2218D7242C003A7A55 /* en */ = {isa = PBXFileReference; lastKnownFileType = text.plist.strings; name = en; path = en.lproj/InfoPlist.strings; sourceTree = "<group>"; };
		A0620B2418D7242C003A7A55 /* TiCheckTests.m */ = {isa = PBXFileReference; lastKnownFileType = sourcecode.c.objc; path = TiCheckTests.m; sourceTree = "<group>"; };
		A0620B5418D72743003A7A55 /* Contact.h */ = {isa = PBXFileReference; fileEncoding = 4; lastKnownFileType = sourcecode.c.h; path = Contact.h; sourceTree = "<group>"; };
		A0620B5518D72743003A7A55 /* Contact.m */ = {isa = PBXFileReference; fileEncoding = 4; lastKnownFileType = sourcecode.c.objc; path = Contact.m; sourceTree = "<group>"; };
		A0620B5618D72743003A7A55 /* CreditCardInfo.h */ = {isa = PBXFileReference; fileEncoding = 4; lastKnownFileType = sourcecode.c.h; path = CreditCardInfo.h; sourceTree = "<group>"; };
		A0620B5718D72743003A7A55 /* CreditCardInfo.m */ = {isa = PBXFileReference; fileEncoding = 4; lastKnownFileType = sourcecode.c.objc; path = CreditCardInfo.m; sourceTree = "<group>"; };
		A0620B5818D72743003A7A55 /* DeliverInfo.h */ = {isa = PBXFileReference; fileEncoding = 4; lastKnownFileType = sourcecode.c.h; path = DeliverInfo.h; sourceTree = "<group>"; };
		A0620B5918D72743003A7A55 /* DeliverInfo.m */ = {isa = PBXFileReference; fileEncoding = 4; lastKnownFileType = sourcecode.c.objc; path = DeliverInfo.m; sourceTree = "<group>"; };
		A0620B5A18D72743003A7A55 /* Flight.h */ = {isa = PBXFileReference; fileEncoding = 4; lastKnownFileType = sourcecode.c.h; path = Flight.h; sourceTree = "<group>"; };
		A0620B5B18D72743003A7A55 /* Flight.m */ = {isa = PBXFileReference; fileEncoding = 4; lastKnownFileType = sourcecode.c.objc; path = Flight.m; sourceTree = "<group>"; };
		A0620B5C18D72743003A7A55 /* Order.h */ = {isa = PBXFileReference; fileEncoding = 4; lastKnownFileType = sourcecode.c.h; path = Order.h; sourceTree = "<group>"; };
		A0620B5D18D72743003A7A55 /* Order.m */ = {isa = PBXFileReference; fileEncoding = 4; lastKnownFileType = sourcecode.c.objc; path = Order.m; sourceTree = "<group>"; };
		A0620B5E18D72743003A7A55 /* Passenger.h */ = {isa = PBXFileReference; fileEncoding = 4; lastKnownFileType = sourcecode.c.h; path = Passenger.h; sourceTree = "<group>"; };
		A0620B5F18D72743003A7A55 /* Passenger.m */ = {isa = PBXFileReference; fileEncoding = 4; lastKnownFileType = sourcecode.c.objc; path = Passenger.m; sourceTree = "<group>"; };
		A0620B6718D72772003A7A55 /* NSString+DateFormat.h */ = {isa = PBXFileReference; fileEncoding = 4; lastKnownFileType = sourcecode.c.h; path = "NSString+DateFormat.h"; sourceTree = "<group>"; };
		A0620B6818D72772003A7A55 /* NSString+DateFormat.m */ = {isa = PBXFileReference; fileEncoding = 4; lastKnownFileType = sourcecode.c.objc; path = "NSString+DateFormat.m"; sourceTree = "<group>"; };
		A0620B6918D72772003A7A55 /* NSString+EnumTransform.h */ = {isa = PBXFileReference; fileEncoding = 4; lastKnownFileType = sourcecode.c.h; path = "NSString+EnumTransform.h"; sourceTree = "<group>"; };
		A0620B6A18D72772003A7A55 /* NSString+EnumTransform.m */ = {isa = PBXFileReference; fileEncoding = 4; lastKnownFileType = sourcecode.c.objc; path = "NSString+EnumTransform.m"; sourceTree = "<group>"; };
		A0620B6E18D727B6003A7A55 /* EnumCollection.h */ = {isa = PBXFileReference; fileEncoding = 4; lastKnownFileType = sourcecode.c.h; path = EnumCollection.h; sourceTree = "<group>"; };
		A0620B7018D727B6003A7A55 /* OTAFlightCancelOrder.h */ = {isa = PBXFileReference; fileEncoding = 4; lastKnownFileType = sourcecode.c.h; path = OTAFlightCancelOrder.h; sourceTree = "<group>"; };
		A0620B7118D727B6003A7A55 /* OTAFlightCancelOrder.m */ = {isa = PBXFileReference; fileEncoding = 4; lastKnownFileType = sourcecode.c.objc; path = OTAFlightCancelOrder.m; sourceTree = "<group>"; };
		A0620B7218D727B6003A7A55 /* OTAFlightOrderList.h */ = {isa = PBXFileReference; fileEncoding = 4; lastKnownFileType = sourcecode.c.h; path = OTAFlightOrderList.h; sourceTree = "<group>"; };
		A0620B7318D727B6003A7A55 /* OTAFlightOrderList.m */ = {isa = PBXFileReference; fileEncoding = 4; lastKnownFileType = sourcecode.c.objc; path = OTAFlightOrderList.m; sourceTree = "<group>"; };
		A0620B7418D727B6003A7A55 /* OTAFlightSaveOrder.h */ = {isa = PBXFileReference; fileEncoding = 4; lastKnownFileType = sourcecode.c.h; path = OTAFlightSaveOrder.h; sourceTree = "<group>"; };
		A0620B7518D727B6003A7A55 /* OTAFlightSaveOrder.m */ = {isa = PBXFileReference; fileEncoding = 4; lastKnownFileType = sourcecode.c.objc; path = OTAFlightSaveOrder.m; sourceTree = "<group>"; };
		A0620B7618D727B6003A7A55 /* OTAFlightSearch.h */ = {isa = PBXFileReference; fileEncoding = 4; lastKnownFileType = sourcecode.c.h; path = OTAFlightSearch.h; sourceTree = "<group>"; };
		A0620B7718D727B6003A7A55 /* OTAFlightSearch.m */ = {isa = PBXFileReference; fileEncoding = 4; lastKnownFileType = sourcecode.c.objc; path = OTAFlightSearch.m; sourceTree = "<group>"; };
		A0620B7818D727B6003A7A55 /* OTAFlightViewOrder.h */ = {isa = PBXFileReference; fileEncoding = 4; lastKnownFileType = sourcecode.c.h; path = OTAFlightViewOrder.h; sourceTree = "<group>"; };
		A0620B7918D727B6003A7A55 /* OTAFlightViewOrder.m */ = {isa = PBXFileReference; fileEncoding = 4; lastKnownFileType = sourcecode.c.objc; path = OTAFlightViewOrder.m; sourceTree = "<group>"; };
		A0620B7A18D727B6003A7A55 /* OTAGetStatusChangedOrders.h */ = {isa = PBXFileReference; fileEncoding = 4; lastKnownFileType = sourcecode.c.h; path = OTAGetStatusChangedOrders.h; sourceTree = "<group>"; };
		A0620B7B18D727B6003A7A55 /* OTAGetStatusChangedOrders.m */ = {isa = PBXFileReference; fileEncoding = 4; lastKnownFileType = sourcecode.c.objc; path = OTAGetStatusChangedOrders.m; sourceTree = "<group>"; };
		A0620B7C18D727B6003A7A55 /* OTAUserUniqueID.h */ = {isa = PBXFileReference; fileEncoding = 4; lastKnownFileType = sourcecode.c.h; path = OTAUserUniqueID.h; sourceTree = "<group>"; };
		A0620B7D18D727B6003A7A55 /* OTAUserUniqueID.m */ = {isa = PBXFileReference; fileEncoding = 4; lastKnownFileType = sourcecode.c.objc; path = OTAUserUniqueID.m; sourceTree = "<group>"; };
		A0620B7F18D727B6003A7A55 /* OTAFlightCancelOrderResponse.h */ = {isa = PBXFileReference; fileEncoding = 4; lastKnownFileType = sourcecode.c.h; path = OTAFlightCancelOrderResponse.h; sourceTree = "<group>"; };
		A0620B8018D727B6003A7A55 /* OTAFlightCancelOrderResponse.m */ = {isa = PBXFileReference; fileEncoding = 4; lastKnownFileType = sourcecode.c.objc; path = OTAFlightCancelOrderResponse.m; sourceTree = "<group>"; };
		A0620B8118D727B6003A7A55 /* OTAFlightOrderListResponse.h */ = {isa = PBXFileReference; fileEncoding = 4; lastKnownFileType = sourcecode.c.h; path = OTAFlightOrderListResponse.h; sourceTree = "<group>"; };
		A0620B8218D727B6003A7A55 /* OTAFlightOrderListResponse.m */ = {isa = PBXFileReference; fileEncoding = 4; lastKnownFileType = sourcecode.c.objc; path = OTAFlightOrderListResponse.m; sourceTree = "<group>"; };
		A0620B8318D727B6003A7A55 /* OTAFlightSaveOrderResponse.h */ = {isa = PBXFileReference; fileEncoding = 4; lastKnownFileType = sourcecode.c.h; path = OTAFlightSaveOrderResponse.h; sourceTree = "<group>"; };
		A0620B8418D727B6003A7A55 /* OTAFlightSaveOrderResponse.m */ = {isa = PBXFileReference; fileEncoding = 4; lastKnownFileType = sourcecode.c.objc; path = OTAFlightSaveOrderResponse.m; sourceTree = "<group>"; };
		A0620B8518D727B6003A7A55 /* OTAFlightSearchResponse.h */ = {isa = PBXFileReference; fileEncoding = 4; lastKnownFileType = sourcecode.c.h; path = OTAFlightSearchResponse.h; sourceTree = "<group>"; };
		A0620B8618D727B6003A7A55 /* OTAFlightSearchResponse.m */ = {isa = PBXFileReference; fileEncoding = 4; lastKnownFileType = sourcecode.c.objc; path = OTAFlightSearchResponse.m; sourceTree = "<group>"; };
		A0620B8718D727B6003A7A55 /* OTAFlightViewOrderResponse.h */ = {isa = PBXFileReference; fileEncoding = 4; lastKnownFileType = sourcecode.c.h; path = OTAFlightViewOrderResponse.h; sourceTree = "<group>"; };
		A0620B8818D727B6003A7A55 /* OTAFlightViewOrderResponse.m */ = {isa = PBXFileReference; fileEncoding = 4; lastKnownFileType = sourcecode.c.objc; path = OTAFlightViewOrderResponse.m; sourceTree = "<group>"; };
		A0620B8918D727B6003A7A55 /* OTAGetStatusChangedOrdersResponse.h */ = {isa = PBXFileReference; fileEncoding = 4; lastKnownFileType = sourcecode.c.h; path = OTAGetStatusChangedOrdersResponse.h; sourceTree = "<group>"; };
		A0620B8A18D727B6003A7A55 /* OTAGetStatusChangedOrdersResponse.m */ = {isa = PBXFileReference; fileEncoding = 4; lastKnownFileType = sourcecode.c.objc; path = OTAGetStatusChangedOrdersResponse.m; sourceTree = "<group>"; };
		A0620B8B18D727B6003A7A55 /* OTAResponse.h */ = {isa = PBXFileReference; fileEncoding = 4; lastKnownFileType = sourcecode.c.h; path = OTAResponse.h; sourceTree = "<group>"; };
		A0620B8C18D727B6003A7A55 /* OTAResponse.m */ = {isa = PBXFileReference; fileEncoding = 4; lastKnownFileType = sourcecode.c.objc; path = OTAResponse.m; sourceTree = "<group>"; };
		A0620B8D18D727B6003A7A55 /* OTAUserUniqueIDResponse.h */ = {isa = PBXFileReference; fileEncoding = 4; lastKnownFileType = sourcecode.c.h; path = OTAUserUniqueIDResponse.h; sourceTree = "<group>"; };
		A0620B8E18D727B6003A7A55 /* OTAUserUniqueIDResponse.m */ = {isa = PBXFileReference; fileEncoding = 4; lastKnownFileType = sourcecode.c.objc; path = OTAUserUniqueIDResponse.m; sourceTree = "<group>"; };
		A0620B9E18D727D6003A7A55 /* ConfigurationHelper.h */ = {isa = PBXFileReference; fileEncoding = 4; lastKnownFileType = sourcecode.c.h; path = ConfigurationHelper.h; sourceTree = "<group>"; };
		A0620B9F18D727D6003A7A55 /* ConfigurationHelper.m */ = {isa = PBXFileReference; fileEncoding = 4; lastKnownFileType = sourcecode.c.objc; path = ConfigurationHelper.m; sourceTree = "<group>"; };
		A0620BA018D727D6003A7A55 /* SoapRequest.h */ = {isa = PBXFileReference; fileEncoding = 4; lastKnownFileType = sourcecode.c.h; path = SoapRequest.h; sourceTree = "<group>"; };
		A0620BA118D727D6003A7A55 /* SoapRequest.m */ = {isa = PBXFileReference; fileEncoding = 4; lastKnownFileType = sourcecode.c.objc; path = SoapRequest.m; sourceTree = "<group>"; };
		A0B677F818FABF5700A4DC76 /* DomesticCities.xml */ = {isa = PBXFileReference; fileEncoding = 4; lastKnownFileType = text.xml; name = DomesticCities.xml; path = Resources/APIRelated/DomesticCities.xml; sourceTree = "<group>"; };
		A0B6780418FAC2E900A4DC76 /* APIResourceHelper.h */ = {isa = PBXFileReference; fileEncoding = 4; lastKnownFileType = sourcecode.c.h; path = APIResourceHelper.h; sourceTree = "<group>"; };
		A0B6780518FAC2E900A4DC76 /* APIResourceHelper.m */ = {isa = PBXFileReference; fileEncoding = 4; lastKnownFileType = sourcecode.c.objc; path = APIResourceHelper.m; sourceTree = "<group>"; };
		A0B6780718FAC35A00A4DC76 /* DomesticCity.h */ = {isa = PBXFileReference; fileEncoding = 4; lastKnownFileType = sourcecode.c.h; path = DomesticCity.h; sourceTree = "<group>"; };
		A0B6780818FAC35A00A4DC76 /* DomesticCity.m */ = {isa = PBXFileReference; fileEncoding = 4; lastKnownFileType = sourcecode.c.objc; path = DomesticCity.m; sourceTree = "<group>"; };
		A0CFE2A418EA69F400AEAEF2 /* FlightSearchTest.m */ = {isa = PBXFileReference; fileEncoding = 4; lastKnownFileType = sourcecode.c.objc; path = FlightSearchTest.m; sourceTree = "<group>"; };
/* End PBXFileReference section */

/* Begin PBXFrameworksBuildPhase section */
		A0620AF318D7242C003A7A55 /* Frameworks */ = {
			isa = PBXFrameworksBuildPhase;
			buildActionMask = 2147483647;
			files = (
				A0620AFC18D7242C003A7A55 /* CoreGraphics.framework in Frameworks */,
				A0620B0018D7242C003A7A55 /* CoreData.framework in Frameworks */,
				A0620AFE18D7242C003A7A55 /* UIKit.framework in Frameworks */,
				A0620AFA18D7242C003A7A55 /* Foundation.framework in Frameworks */,
				C69E840808974A8CAEDB832F /* libPods.a in Frameworks */,
			);
			runOnlyForDeploymentPostprocessing = 0;
		};
		A0620B1318D7242C003A7A55 /* Frameworks */ = {
			isa = PBXFrameworksBuildPhase;
			buildActionMask = 2147483647;
			files = (
				A0620B1818D7242C003A7A55 /* XCTest.framework in Frameworks */,
				A0620B1B18D7242C003A7A55 /* CoreData.framework in Frameworks */,
				A0620B1A18D7242C003A7A55 /* UIKit.framework in Frameworks */,
				A0620B1918D7242C003A7A55 /* Foundation.framework in Frameworks */,
			);
			runOnlyForDeploymentPostprocessing = 0;
		};
/* End PBXFrameworksBuildPhase section */

/* Begin PBXGroup section */
		131C6F8C18F7CB6C00654D6E /* fonts */ = {
			isa = PBXGroup;
			children = (
				131C6F8D18F7CBE500654D6E /* Roboto-Bold.ttf */,
				131C6F8E18F7CBE500654D6E /* Roboto-BoldCondensed.ttf */,
				131C6F8F18F7CBE500654D6E /* Roboto-Condensed.ttf */,
				131C6F9018F7CBE500654D6E /* Roboto-Medium.ttf */,
				131C6F9118F7CBE500654D6E /* Roboto-Regular.ttf */,
			);
			name = fonts;
			sourceTree = "<group>";
		};
		1370841718F7BB6A00FD4949 /* TicketInfo */ = {
			isa = PBXGroup;
			children = (
				1370841818F7BC0200FD4949 /* TickectInfoViewController.h */,
				1370841918F7BC0200FD4949 /* TickectInfoViewController.m */,
			);
			name = TicketInfo;
			sourceTree = "<group>";
		};
		13BF8D9418FB81D000B8E0E1 /* OrderInfo */ = {
			isa = PBXGroup;
			children = (
				13BF8D9518FB820C00B8E0E1 /* OrderInfoViewController.h */,
				13BF8D9618FB820C00B8E0E1 /* OrderInfoViewController.m */,
				13FA570718FB8D2300FD1C1F /* OIVCPassengerInfoView.h */,
				13FA570818FB8D2300FD1C1F /* OIVCPassengerInfoView.m */,
			);
			name = OrderInfo;
			sourceTree = "<group>";
		};
		2491397F18ED271400061780 /* SearchResult */ = {
			isa = PBXGroup;
			children = (
				2491398018ED273D00061780 /* SearchResultViewController.h */,
				2491398118ED273D00061780 /* SearchResultViewController.m */,
				2491398318ED290600061780 /* SearchResultCell.h */,
				2491398418ED290700061780 /* SearchResultCell.m */,
				2491398B18ED855000061780 /* LineChart.h */,
				2491398C18ED855000061780 /* LineChart.m */,
			);
			name = SearchResult;
			sourceTree = "<group>";
		};
		24FC2B6B18EC3AD000F6A2A9 /* Login */ = {
			isa = PBXGroup;
			children = (
				24FC2B6F18EC41A600F6A2A9 /* LoginRegisterViewController.h */,
				24FC2B7018EC41A600F6A2A9 /* LoginRegisterViewController.m */,
				24FC2B8418EC5C1400F6A2A9 /* RegisterViewController.h */,
				24FC2B8518EC5C1400F6A2A9 /* RegisterViewController.m */,
				24FC2B8B18EC682900F6A2A9 /* LoginViewController.h */,
				24FC2B8C18EC682900F6A2A9 /* LoginViewController.m */,
			);
			name = Login;
			sourceTree = "<group>";
		};
		24FC2B8718EC5ECC00F6A2A9 /* UserData */ = {
			isa = PBXGroup;
			children = (
				24FC2B8818EC5EE200F6A2A9 /* UserData.h */,
				24FC2B8918EC5EE200F6A2A9 /* UserData.m */,
			);
			name = UserData;
			sourceTree = "<group>";
		};
		68436EF618FEBB260043B10E /* Pay */ = {
			isa = PBXGroup;
			children = (
				68436EF718FEC3810043B10E /* PayProcessViewController.h */,
				68436EF818FEC3810043B10E /* PayProcessViewController.m */,
			);
			name = Pay;
			sourceTree = "<group>";
		};
		68EDF8BE18F5A030008E19B4 /* PersonalCenter */ = {
			isa = PBXGroup;
			children = (
				68EDF8BF18F5A099008E19B4 /* AccountEditViewController.h */,
				68EDF8C018F5A09A008E19B4 /* AccountEditViewController.m */,
				68FDEE8218F7C9C5006C4A99 /* AccountEditDetailViewController.h */,
				68FDEE8318F7C9C5006C4A99 /* AccountEditDetailViewController.m */,
				135F6B92190003E50061F51F /* PersonalCenterViewController.h */,
				135F6B93190003E50061F51F /* PersonalCenterViewController.m */,
				135F6B95190014C10061F51F /* PersonalOrderViewController.h */,
				135F6B96190014C10061F51F /* PersonalOrderViewController.m */,
				135F6B98190018280061F51F /* PersonalOrderTableViewCell.h */,
				135F6B99190018280061F51F /* PersonalOrderTableViewCell.m */,
				135F6B9A190018280061F51F /* PersonalOrderTableViewCell.xib */,
			);
			name = PersonalCenter;
			sourceTree = "<group>";
		};
		A033D49118F2410000C3E9FD /* Resources */ = {
			isa = PBXGroup;
			children = (
				A0B677F518FABF1200A4DC76 /* APIRelated */,
				131C6F8C18F7CB6C00654D6E /* fonts */,
			);
			name = Resources;
			sourceTree = "<group>";
		};
		A0620AED18D7242C003A7A55 = {
			isa = PBXGroup;
			children = (
				A0620B0118D7242C003A7A55 /* TiCheck */,
				A0620B1E18D7242C003A7A55 /* TiCheckTests */,
				A0620AF818D7242C003A7A55 /* Frameworks */,
				A0620AF718D7242C003A7A55 /* Products */,
				42AADAB7606D44D9A9B23A74 /* Pods.xcconfig */,
			);
			sourceTree = "<group>";
		};
		A0620AF718D7242C003A7A55 /* Products */ = {
			isa = PBXGroup;
			children = (
				A0620AF618D7242C003A7A55 /* TiCheck.app */,
				A0620B1618D7242C003A7A55 /* TiCheckTests.xctest */,
			);
			name = Products;
			sourceTree = "<group>";
		};
		A0620AF818D7242C003A7A55 /* Frameworks */ = {
			isa = PBXGroup;
			children = (
				A0620AF918D7242C003A7A55 /* Foundation.framework */,
				A0620AFB18D7242C003A7A55 /* CoreGraphics.framework */,
				A0620AFD18D7242C003A7A55 /* UIKit.framework */,
				A0620AFF18D7242C003A7A55 /* CoreData.framework */,
				A0620B1718D7242C003A7A55 /* XCTest.framework */,
				74C29AE6E97F440E8ABC5203 /* libPods.a */,
			);
			name = Frameworks;
			sourceTree = "<group>";
		};
		A0620B0118D7242C003A7A55 /* TiCheck */ = {
			isa = PBXGroup;
			children = (
				A0620B0A18D7242C003A7A55 /* AppDelegate.h */,
				A0620B0B18D7242C003A7A55 /* AppDelegate.m */,
				A0620B6618D72772003A7A55 /* Category */,
				A0620B1018D7242C003A7A55 /* Images.xcassets */,
				A0B677FA18FABF7000A4DC76 /* LogicLayer */,
				A0040BC318E92768008E6485 /* Main.storyboard */,
				A0B677FD18FABFD200A4DC76 /* PresentationLayer */,
				A033D49118F2410000C3E9FD /* Resources */,
				A0620B0218D7242C003A7A55 /* Supporting Files */,
				A0040BC518E92783008E6485 /* ViewController.h */,
				A0040BC618E92783008E6485 /* ViewController.m */,
			);
			path = TiCheck;
			sourceTree = "<group>";
		};
		A0620B0218D7242C003A7A55 /* Supporting Files */ = {
			isa = PBXGroup;
			children = (
				A0620B0318D7242C003A7A55 /* TiCheck-Info.plist */,
				A0620B0418D7242C003A7A55 /* InfoPlist.strings */,
				A0620B0718D7242C003A7A55 /* main.m */,
				A0620B0918D7242C003A7A55 /* TiCheck-Prefix.pch */,
			);
			name = "Supporting Files";
			sourceTree = "<group>";
		};
		A0620B1E18D7242C003A7A55 /* TiCheckTests */ = {
			isa = PBXGroup;
			children = (
				A0620B1F18D7242C003A7A55 /* Supporting Files */,
				A0620B2418D7242C003A7A55 /* TiCheckTests.m */,
				A00CE48518F278E900151513 /* FlightOrderListTest.m */,
				A00CE48918F28C5400151513 /* GetStatusChangedOrdersTest.m */,
				A00CE48718F286D600151513 /* FlightViewOrderTest.m */,
				A01DEF2718E8F73F00E95F32 /* UserUniqueIDTest.m */,
				A0CFE2A418EA69F400AEAEF2 /* FlightSearchTest.m */,
				A033D48F18F1454D00C3E9FD /* FlightSaveOrderTest.m */,
			);
			path = TiCheckTests;
			sourceTree = "<group>";
		};
		A0620B1F18D7242C003A7A55 /* Supporting Files */ = {
			isa = PBXGroup;
			children = (
				A0620B2018D7242C003A7A55 /* TiCheckTests-Info.plist */,
				A0620B2118D7242C003A7A55 /* InfoPlist.strings */,
			);
			name = "Supporting Files";
			sourceTree = "<group>";
		};
		A0620B5318D72743003A7A55 /* Entity */ = {
			isa = PBXGroup;
			children = (
				A0620B5418D72743003A7A55 /* Contact.h */,
				A0620B5518D72743003A7A55 /* Contact.m */,
				A0620B5618D72743003A7A55 /* CreditCardInfo.h */,
				A0620B5718D72743003A7A55 /* CreditCardInfo.m */,
				A0620B5818D72743003A7A55 /* DeliverInfo.h */,
				A0620B5918D72743003A7A55 /* DeliverInfo.m */,
				A0620B5A18D72743003A7A55 /* Flight.h */,
				A0620B5B18D72743003A7A55 /* Flight.m */,
				A0620B5C18D72743003A7A55 /* Order.h */,
				A0620B5D18D72743003A7A55 /* Order.m */,
				A0620B5E18D72743003A7A55 /* Passenger.h */,
				A0620B5F18D72743003A7A55 /* Passenger.m */,
				A0B6780718FAC35A00A4DC76 /* DomesticCity.h */,
				A0B6780818FAC35A00A4DC76 /* DomesticCity.m */,
				A0452E2B18FE4A5200DED4EE /* Airport.h */,
				A0452E2C18FE4A5200DED4EE /* Airport.m */,
				A0452E3418FE607000DED4EE /* CraftType.h */,
				A0452E3518FE607000DED4EE /* CraftType.m */,
			);
			path = Entity;
			sourceTree = "<group>";
		};
		A0620B6618D72772003A7A55 /* Category */ = {
			isa = PBXGroup;
			children = (
				A0620B6718D72772003A7A55 /* NSString+DateFormat.h */,
				A0620B6818D72772003A7A55 /* NSString+DateFormat.m */,
				A0620B6918D72772003A7A55 /* NSString+EnumTransform.h */,
				A0620B6A18D72772003A7A55 /* NSString+EnumTransform.m */,
			);
			path = Category;
			sourceTree = "<group>";
		};
		A0620B6D18D727B6003A7A55 /* OTA */ = {
			isa = PBXGroup;
			children = (
				A0620B6E18D727B6003A7A55 /* EnumCollection.h */,
				A0620B6F18D727B6003A7A55 /* OTARequest */,
				A0620B7E18D727B6003A7A55 /* OTAResponse */,
			);
			path = OTA;
			sourceTree = "<group>";
		};
		A0620B6F18D727B6003A7A55 /* OTARequest */ = {
			isa = PBXGroup;
			children = (
				A0620B7018D727B6003A7A55 /* OTAFlightCancelOrder.h */,
				A0620B7118D727B6003A7A55 /* OTAFlightCancelOrder.m */,
				A0620B7218D727B6003A7A55 /* OTAFlightOrderList.h */,
				A0620B7318D727B6003A7A55 /* OTAFlightOrderList.m */,
				A0620B7418D727B6003A7A55 /* OTAFlightSaveOrder.h */,
				A0620B7518D727B6003A7A55 /* OTAFlightSaveOrder.m */,
				A0620B7618D727B6003A7A55 /* OTAFlightSearch.h */,
				A0620B7718D727B6003A7A55 /* OTAFlightSearch.m */,
				A0620B7818D727B6003A7A55 /* OTAFlightViewOrder.h */,
				A0620B7918D727B6003A7A55 /* OTAFlightViewOrder.m */,
				A0620B7A18D727B6003A7A55 /* OTAGetStatusChangedOrders.h */,
				A0620B7B18D727B6003A7A55 /* OTAGetStatusChangedOrders.m */,
				A0620B7C18D727B6003A7A55 /* OTAUserUniqueID.h */,
				A0620B7D18D727B6003A7A55 /* OTAUserUniqueID.m */,
			);
			path = OTARequest;
			sourceTree = "<group>";
		};
		A0620B7E18D727B6003A7A55 /* OTAResponse */ = {
			isa = PBXGroup;
			children = (
				A0620B7F18D727B6003A7A55 /* OTAFlightCancelOrderResponse.h */,
				A0620B8018D727B6003A7A55 /* OTAFlightCancelOrderResponse.m */,
				A0620B8118D727B6003A7A55 /* OTAFlightOrderListResponse.h */,
				A0620B8218D727B6003A7A55 /* OTAFlightOrderListResponse.m */,
				A0620B8318D727B6003A7A55 /* OTAFlightSaveOrderResponse.h */,
				A0620B8418D727B6003A7A55 /* OTAFlightSaveOrderResponse.m */,
				A0620B8518D727B6003A7A55 /* OTAFlightSearchResponse.h */,
				A0620B8618D727B6003A7A55 /* OTAFlightSearchResponse.m */,
				A0620B8718D727B6003A7A55 /* OTAFlightViewOrderResponse.h */,
				A0620B8818D727B6003A7A55 /* OTAFlightViewOrderResponse.m */,
				A0620B8918D727B6003A7A55 /* OTAGetStatusChangedOrdersResponse.h */,
				A0620B8A18D727B6003A7A55 /* OTAGetStatusChangedOrdersResponse.m */,
				A0620B8B18D727B6003A7A55 /* OTAResponse.h */,
				A0620B8C18D727B6003A7A55 /* OTAResponse.m */,
				A0620B8D18D727B6003A7A55 /* OTAUserUniqueIDResponse.h */,
				A0620B8E18D727B6003A7A55 /* OTAUserUniqueIDResponse.m */,
			);
			path = OTAResponse;
			sourceTree = "<group>";
		};
		A0B677F518FABF1200A4DC76 /* APIRelated */ = {
			isa = PBXGroup;
			children = (
				A0452E3218FE605C00DED4EE /* CraftTypes.xml */,
				A0452E2E18FE4A8400DED4EE /* Airports.xml */,
				A0B677F818FABF5700A4DC76 /* DomesticCities.xml */,
			);
			name = APIRelated;
			sourceTree = "<group>";
		};
		A0B677FA18FABF7000A4DC76 /* LogicLayer */ = {
			isa = PBXGroup;
			children = (
				A0B6780418FAC2E900A4DC76 /* APIResourceHelper.h */,
				A0B6780518FAC2E900A4DC76 /* APIResourceHelper.m */,
				A0620B9E18D727D6003A7A55 /* ConfigurationHelper.h */,
				A0620B9F18D727D6003A7A55 /* ConfigurationHelper.m */,
				A0620B5318D72743003A7A55 /* Entity */,
				A0620B6D18D727B6003A7A55 /* OTA */,
				A0620BA018D727D6003A7A55 /* SoapRequest.h */,
				A0620BA118D727D6003A7A55 /* SoapRequest.m */,
			);
			name = LogicLayer;
			sourceTree = "<group>";
		};
		A0B677FD18FABFD200A4DC76 /* PresentationLayer */ = {
			isa = PBXGroup;
			children = (
				68436EF618FEBB260043B10E /* Pay */,
				13BF8D9418FB81D000B8E0E1 /* OrderInfo */,
				24FC2B8718EC5ECC00F6A2A9 /* UserData */,
				24FC2B6B18EC3AD000F6A2A9 /* Login */,
				2491397F18ED271400061780 /* SearchResult */,
				1370841718F7BB6A00FD4949 /* TicketInfo */,
				68EDF8BE18F5A030008E19B4 /* PersonalCenter */,
			);
			name = PresentationLayer;
			sourceTree = "<group>";
		};
/* End PBXGroup section */

/* Begin PBXNativeTarget section */
		A0620AF518D7242C003A7A55 /* TiCheck */ = {
			isa = PBXNativeTarget;
			buildConfigurationList = A0620B2818D7242C003A7A55 /* Build configuration list for PBXNativeTarget "TiCheck" */;
			buildPhases = (
				49E55CB91BCE45F99DB8ED92 /* Check Pods Manifest.lock */,
				A0620AF218D7242C003A7A55 /* Sources */,
				A0620AF318D7242C003A7A55 /* Frameworks */,
				A0620AF418D7242C003A7A55 /* Resources */,
				1CCA7C9E91A74B97AECB4644 /* Copy Pods Resources */,
			);
			buildRules = (
			);
			dependencies = (
			);
			name = TiCheck;
			productName = TiCheck;
			productReference = A0620AF618D7242C003A7A55 /* TiCheck.app */;
			productType = "com.apple.product-type.application";
		};
		A0620B1518D7242C003A7A55 /* TiCheckTests */ = {
			isa = PBXNativeTarget;
			buildConfigurationList = A0620B2B18D7242C003A7A55 /* Build configuration list for PBXNativeTarget "TiCheckTests" */;
			buildPhases = (
				A0620B1218D7242C003A7A55 /* Sources */,
				A0620B1318D7242C003A7A55 /* Frameworks */,
				A0620B1418D7242C003A7A55 /* Resources */,
			);
			buildRules = (
			);
			dependencies = (
				A0620B1D18D7242C003A7A55 /* PBXTargetDependency */,
			);
			name = TiCheckTests;
			productName = TiCheckTests;
			productReference = A0620B1618D7242C003A7A55 /* TiCheckTests.xctest */;
			productType = "com.apple.product-type.bundle.unit-test";
		};
/* End PBXNativeTarget section */

/* Begin PBXProject section */
		A0620AEE18D7242C003A7A55 /* Project object */ = {
			isa = PBXProject;
			attributes = {
				LastUpgradeCheck = 0510;
				ORGANIZATIONNAME = tac;
				TargetAttributes = {
					A0620AF518D7242C003A7A55 = {
						DevelopmentTeam = 6992736KPW;
					};
					A0620B1518D7242C003A7A55 = {
						TestTargetID = A0620AF518D7242C003A7A55;
					};
				};
			};
			buildConfigurationList = A0620AF118D7242C003A7A55 /* Build configuration list for PBXProject "TiCheck" */;
			compatibilityVersion = "Xcode 3.2";
			developmentRegion = English;
			hasScannedForEncodings = 0;
			knownRegions = (
				en,
				"zh-Hans",
			);
			mainGroup = A0620AED18D7242C003A7A55;
			productRefGroup = A0620AF718D7242C003A7A55 /* Products */;
			projectDirPath = "";
			projectRoot = "";
			targets = (
				A0620AF518D7242C003A7A55 /* TiCheck */,
				A0620B1518D7242C003A7A55 /* TiCheckTests */,
			);
		};
/* End PBXProject section */

/* Begin PBXResourcesBuildPhase section */
		A0620AF418D7242C003A7A55 /* Resources */ = {
			isa = PBXResourcesBuildPhase;
			buildActionMask = 2147483647;
			files = (
				A0B677F918FABF5700A4DC76 /* DomesticCities.xml in Resources */,
				131C6F9618F7CD7200654D6E /* Roboto-Medium.ttf in Resources */,
				131C6F9218F7CD1200654D6E /* TiCheck-Info.plist in Resources */,
				A0040BC418E92768008E6485 /* Main.storyboard in Resources */,
				131C6F9318F7CD7200654D6E /* Roboto-Bold.ttf in Resources */,
				A0620B0618D7242C003A7A55 /* InfoPlist.strings in Resources */,
				131C6F9418F7CD7200654D6E /* Roboto-BoldCondensed.ttf in Resources */,
				131C6F9718F7CD7200654D6E /* Roboto-Regular.ttf in Resources */,
				A0452E2F18FE4A8400DED4EE /* Airports.xml in Resources */,
				A0620B1118D7242C003A7A55 /* Images.xcassets in Resources */,
				A0452E3318FE605C00DED4EE /* CraftTypes.xml in Resources */,
				131C6F9518F7CD7200654D6E /* Roboto-Condensed.ttf in Resources */,
				135F6B9C190018280061F51F /* PersonalOrderTableViewCell.xib in Resources */,
			);
			runOnlyForDeploymentPostprocessing = 0;
		};
		A0620B1418D7242C003A7A55 /* Resources */ = {
			isa = PBXResourcesBuildPhase;
			buildActionMask = 2147483647;
			files = (
				A0620B2318D7242C003A7A55 /* InfoPlist.strings in Resources */,
			);
			runOnlyForDeploymentPostprocessing = 0;
		};
/* End PBXResourcesBuildPhase section */

/* Begin PBXShellScriptBuildPhase section */
		1CCA7C9E91A74B97AECB4644 /* Copy Pods Resources */ = {
			isa = PBXShellScriptBuildPhase;
			buildActionMask = 2147483647;
			files = (
			);
			inputPaths = (
			);
			name = "Copy Pods Resources";
			outputPaths = (
			);
			runOnlyForDeploymentPostprocessing = 0;
			shellPath = /bin/sh;
			shellScript = "\"${SRCROOT}/Pods/Pods-resources.sh\"\n";
			showEnvVarsInLog = 0;
		};
		49E55CB91BCE45F99DB8ED92 /* Check Pods Manifest.lock */ = {
			isa = PBXShellScriptBuildPhase;
			buildActionMask = 2147483647;
			files = (
			);
			inputPaths = (
			);
			name = "Check Pods Manifest.lock";
			outputPaths = (
			);
			runOnlyForDeploymentPostprocessing = 0;
			shellPath = /bin/sh;
			shellScript = "diff \"${PODS_ROOT}/../Podfile.lock\" \"${PODS_ROOT}/Manifest.lock\" > /dev/null\nif [[ $? != 0 ]] ; then\n    cat << EOM\nerror: The sandbox is not in sync with the Podfile.lock. Run 'pod install' or update your CocoaPods installation.\nEOM\n    exit 1\nfi\n";
			showEnvVarsInLog = 0;
		};
/* End PBXShellScriptBuildPhase section */

/* Begin PBXSourcesBuildPhase section */
		A0620AF218D7242C003A7A55 /* Sources */ = {
			isa = PBXSourcesBuildPhase;
			buildActionMask = 2147483647;
			files = (
				A0620BA218D727D6003A7A55 /* ConfigurationHelper.m in Sources */,
				A0040BC718E92783008E6485 /* ViewController.m in Sources */,
				A0620B9D18D727B6003A7A55 /* OTAUserUniqueIDResponse.m in Sources */,
				A0620B9118D727B6003A7A55 /* OTAFlightSaveOrder.m in Sources */,
				68EDF8C118F5A09A008E19B4 /* AccountEditViewController.m in Sources */,
				135F6B97190014C10061F51F /* PersonalOrderViewController.m in Sources */,
				2491398D18ED855000061780 /* LineChart.m in Sources */,
				A0620B6018D72743003A7A55 /* Contact.m in Sources */,
				A0620B8F18D727B6003A7A55 /* OTAFlightCancelOrder.m in Sources */,
				A0620B9218D727B6003A7A55 /* OTAFlightSearch.m in Sources */,
				A0620B9818D727B6003A7A55 /* OTAFlightSaveOrderResponse.m in Sources */,
				A0620B0C18D7242C003A7A55 /* AppDelegate.m in Sources */,
				135F6B94190003E50061F51F /* PersonalCenterViewController.m in Sources */,
				1370841A18F7BC0200FD4949 /* TickectInfoViewController.m in Sources */,
				A0B6780618FAC2E900A4DC76 /* APIResourceHelper.m in Sources */,
				A0620B6218D72743003A7A55 /* DeliverInfo.m in Sources */,
				A0620B6318D72743003A7A55 /* Flight.m in Sources */,
				2491398518ED290700061780 /* SearchResultCell.m in Sources */,
				A0620B9318D727B6003A7A55 /* OTAFlightViewOrder.m in Sources */,
				13BF8D9718FB820C00B8E0E1 /* OrderInfoViewController.m in Sources */,
				24FC2B8618EC5C1400F6A2A9 /* RegisterViewController.m in Sources */,
				A0620B0818D7242C003A7A55 /* main.m in Sources */,
				24FC2B7118EC41A600F6A2A9 /* LoginRegisterViewController.m in Sources */,
				A0620B6418D72743003A7A55 /* Order.m in Sources */,
				A0620B9518D727B6003A7A55 /* OTAUserUniqueID.m in Sources */,
				A0620B9A18D727B6003A7A55 /* OTAFlightViewOrderResponse.m in Sources */,
				135F6B9B190018280061F51F /* PersonalOrderTableViewCell.m in Sources */,
				A0452E3618FE607000DED4EE /* CraftType.m in Sources */,
				A0620B9718D727B6003A7A55 /* OTAFlightOrderListResponse.m in Sources */,
				68FDEE8418F7C9C5006C4A99 /* AccountEditDetailViewController.m in Sources */,
				24FC2B8D18EC682900F6A2A9 /* LoginViewController.m in Sources */,
				2491398218ED273D00061780 /* SearchResultViewController.m in Sources */,
				A0620B6118D72743003A7A55 /* CreditCardInfo.m in Sources */,
				A0620B9918D727B6003A7A55 /* OTAFlightSearchResponse.m in Sources */,
				13FA570918FB8D2300FD1C1F /* OIVCPassengerInfoView.m in Sources */,
				A0620B6C18D72772003A7A55 /* NSString+EnumTransform.m in Sources */,
				A0452E2D18FE4A5200DED4EE /* Airport.m in Sources */,
				A0620B9418D727B6003A7A55 /* OTAGetStatusChangedOrders.m in Sources */,
				A0620B9618D727B6003A7A55 /* OTAFlightCancelOrderResponse.m in Sources */,
				A0620B6B18D72772003A7A55 /* NSString+DateFormat.m in Sources */,
				A0620B9C18D727B6003A7A55 /* OTAResponse.m in Sources */,
				A0B6780918FAC35A00A4DC76 /* DomesticCity.m in Sources */,
				A0620BA318D727D6003A7A55 /* SoapRequest.m in Sources */,
				68436EF918FEC3810043B10E /* PayProcessViewController.m in Sources */,
				A0620B9018D727B6003A7A55 /* OTAFlightOrderList.m in Sources */,
				A0620B9B18D727B6003A7A55 /* OTAGetStatusChangedOrdersResponse.m in Sources */,
				24FC2B8A18EC5EE200F6A2A9 /* UserData.m in Sources */,
				A0620B6518D72743003A7A55 /* Passenger.m in Sources */,
			);
			runOnlyForDeploymentPostprocessing = 0;
		};
		A0620B1218D7242C003A7A55 /* Sources */ = {
			isa = PBXSourcesBuildPhase;
			buildActionMask = 2147483647;
			files = (
				A0CFE2A518EA69F400AEAEF2 /* FlightSearchTest.m in Sources */,
				A00CE48818F286D600151513 /* FlightViewOrderTest.m in Sources */,
				A033D49018F1454D00C3E9FD /* FlightSaveOrderTest.m in Sources */,
				A00CE48618F278E900151513 /* FlightOrderListTest.m in Sources */,
				A01DEF2818E8F73F00E95F32 /* UserUniqueIDTest.m in Sources */,
				A0620B2518D7242C003A7A55 /* TiCheckTests.m in Sources */,
				A00CE48A18F28C5400151513 /* GetStatusChangedOrdersTest.m in Sources */,
			);
			runOnlyForDeploymentPostprocessing = 0;
		};
/* End PBXSourcesBuildPhase section */

/* Begin PBXTargetDependency section */
		A0620B1D18D7242C003A7A55 /* PBXTargetDependency */ = {
			isa = PBXTargetDependency;
			target = A0620AF518D7242C003A7A55 /* TiCheck */;
			targetProxy = A0620B1C18D7242C003A7A55 /* PBXContainerItemProxy */;
		};
/* End PBXTargetDependency section */

/* Begin PBXVariantGroup section */
		A0620B0418D7242C003A7A55 /* InfoPlist.strings */ = {
			isa = PBXVariantGroup;
			children = (
				A0620B0518D7242C003A7A55 /* en */,
				A0040BC818E927BE008E6485 /* zh-Hans */,
			);
			name = InfoPlist.strings;
			sourceTree = "<group>";
		};
		A0620B2118D7242C003A7A55 /* InfoPlist.strings */ = {
			isa = PBXVariantGroup;
			children = (
				A0620B2218D7242C003A7A55 /* en */,
				A0040BC918E927BE008E6485 /* zh-Hans */,
			);
			name = InfoPlist.strings;
			sourceTree = "<group>";
		};
/* End PBXVariantGroup section */

/* Begin XCBuildConfiguration section */
		A0620B2618D7242C003A7A55 /* Debug */ = {
			isa = XCBuildConfiguration;
			baseConfigurationReference = 42AADAB7606D44D9A9B23A74 /* Pods.xcconfig */;
			buildSettings = {
				ALWAYS_SEARCH_USER_PATHS = NO;
				CLANG_CXX_LANGUAGE_STANDARD = "gnu++0x";
				CLANG_CXX_LIBRARY = "libc++";
				CLANG_ENABLE_MODULES = YES;
				CLANG_ENABLE_OBJC_ARC = YES;
				CLANG_WARN_BOOL_CONVERSION = YES;
				CLANG_WARN_CONSTANT_CONVERSION = YES;
				CLANG_WARN_DIRECT_OBJC_ISA_USAGE = YES_ERROR;
				CLANG_WARN_EMPTY_BODY = YES;
				CLANG_WARN_ENUM_CONVERSION = YES;
				CLANG_WARN_INT_CONVERSION = YES;
				CLANG_WARN_OBJC_ROOT_CLASS = YES_ERROR;
				CLANG_WARN__DUPLICATE_METHOD_MATCH = YES;
				"CODE_SIGN_IDENTITY[sdk=iphoneos*]" = "iPhone Developer";
				COPY_PHASE_STRIP = NO;
				GCC_C_LANGUAGE_STANDARD = gnu99;
				GCC_DYNAMIC_NO_PIC = NO;
				GCC_OPTIMIZATION_LEVEL = 0;
				GCC_PREPROCESSOR_DEFINITIONS = (
					"DEBUG=1",
					"$(inherited)",
				);
				GCC_SYMBOLS_PRIVATE_EXTERN = NO;
				GCC_WARN_64_TO_32_BIT_CONVERSION = YES;
				GCC_WARN_ABOUT_RETURN_TYPE = YES_ERROR;
				GCC_WARN_UNDECLARED_SELECTOR = YES;
				GCC_WARN_UNINITIALIZED_AUTOS = YES_AGGRESSIVE;
				GCC_WARN_UNUSED_FUNCTION = YES;
				GCC_WARN_UNUSED_VARIABLE = YES;
				IPHONEOS_DEPLOYMENT_TARGET = 7.1;
				ONLY_ACTIVE_ARCH = YES;
				SDKROOT = iphoneos;
			};
			name = Debug;
		};
		A0620B2718D7242C003A7A55 /* Release */ = {
			isa = XCBuildConfiguration;
			baseConfigurationReference = 42AADAB7606D44D9A9B23A74 /* Pods.xcconfig */;
			buildSettings = {
				ALWAYS_SEARCH_USER_PATHS = NO;
				CLANG_CXX_LANGUAGE_STANDARD = "gnu++0x";
				CLANG_CXX_LIBRARY = "libc++";
				CLANG_ENABLE_MODULES = YES;
				CLANG_ENABLE_OBJC_ARC = YES;
				CLANG_WARN_BOOL_CONVERSION = YES;
				CLANG_WARN_CONSTANT_CONVERSION = YES;
				CLANG_WARN_DIRECT_OBJC_ISA_USAGE = YES_ERROR;
				CLANG_WARN_EMPTY_BODY = YES;
				CLANG_WARN_ENUM_CONVERSION = YES;
				CLANG_WARN_INT_CONVERSION = YES;
				CLANG_WARN_OBJC_ROOT_CLASS = YES_ERROR;
				CLANG_WARN__DUPLICATE_METHOD_MATCH = YES;
				"CODE_SIGN_IDENTITY[sdk=iphoneos*]" = "iPhone Developer";
				COPY_PHASE_STRIP = YES;
				ENABLE_NS_ASSERTIONS = NO;
				GCC_C_LANGUAGE_STANDARD = gnu99;
				GCC_WARN_64_TO_32_BIT_CONVERSION = YES;
				GCC_WARN_ABOUT_RETURN_TYPE = YES_ERROR;
				GCC_WARN_UNDECLARED_SELECTOR = YES;
				GCC_WARN_UNINITIALIZED_AUTOS = YES_AGGRESSIVE;
				GCC_WARN_UNUSED_FUNCTION = YES;
				GCC_WARN_UNUSED_VARIABLE = YES;
				IPHONEOS_DEPLOYMENT_TARGET = 7.1;
				SDKROOT = iphoneos;
				VALIDATE_PRODUCT = YES;
			};
			name = Release;
		};
		A0620B2918D7242C003A7A55 /* Debug */ = {
			isa = XCBuildConfiguration;
			baseConfigurationReference = 42AADAB7606D44D9A9B23A74 /* Pods.xcconfig */;
			buildSettings = {
				ASSETCATALOG_COMPILER_APPICON_NAME = AppIcon;
				ASSETCATALOG_COMPILER_LAUNCHIMAGE_NAME = LaunchImage;
				CODE_SIGN_IDENTITY = "iPhone Developer";
				"CODE_SIGN_IDENTITY[sdk=iphoneos*]" = "iPhone Developer";
				GCC_PRECOMPILE_PREFIX_HEADER = YES;
				GCC_PREFIX_HEADER = "TiCheck/TiCheck-Prefix.pch";
				INFOPLIST_FILE = "TiCheck/TiCheck-Info.plist";
				IPHONEOS_DEPLOYMENT_TARGET = 7.0;
				PRODUCT_NAME = "$(TARGET_NAME)";
				PROVISIONING_PROFILE = "";
				WRAPPER_EXTENSION = app;
			};
			name = Debug;
		};
		A0620B2A18D7242C003A7A55 /* Release */ = {
			isa = XCBuildConfiguration;
			baseConfigurationReference = 42AADAB7606D44D9A9B23A74 /* Pods.xcconfig */;
			buildSettings = {
				ASSETCATALOG_COMPILER_APPICON_NAME = AppIcon;
				ASSETCATALOG_COMPILER_LAUNCHIMAGE_NAME = LaunchImage;
				CODE_SIGN_IDENTITY = "iPhone Developer";
				"CODE_SIGN_IDENTITY[sdk=iphoneos*]" = "iPhone Developer";
				GCC_PRECOMPILE_PREFIX_HEADER = YES;
				GCC_PREFIX_HEADER = "TiCheck/TiCheck-Prefix.pch";
				INFOPLIST_FILE = "TiCheck/TiCheck-Info.plist";
				IPHONEOS_DEPLOYMENT_TARGET = 7.0;
				PRODUCT_NAME = "$(TARGET_NAME)";
				PROVISIONING_PROFILE = "";
				WRAPPER_EXTENSION = app;
			};
			name = Release;
		};
		A0620B2C18D7242C003A7A55 /* Debug */ = {
			isa = XCBuildConfiguration;
			baseConfigurationReference = 42AADAB7606D44D9A9B23A74 /* Pods.xcconfig */;
			buildSettings = {
				BUNDLE_LOADER = "$(BUILT_PRODUCTS_DIR)/TiCheck.app/TiCheck";
				FRAMEWORK_SEARCH_PATHS = (
					"$(SDKROOT)/Developer/Library/Frameworks",
					"$(inherited)",
					"$(DEVELOPER_FRAMEWORKS_DIR)",
				);
				GCC_PRECOMPILE_PREFIX_HEADER = YES;
				GCC_PREFIX_HEADER = "TiCheck/TiCheck-Prefix.pch";
				GCC_PREPROCESSOR_DEFINITIONS = (
					"DEBUG=1",
					"$(inherited)",
				);
				INFOPLIST_FILE = "TiCheckTests/TiCheckTests-Info.plist";
				PRODUCT_NAME = "$(TARGET_NAME)";
				TEST_HOST = "$(BUNDLE_LOADER)";
				WRAPPER_EXTENSION = xctest;
			};
			name = Debug;
		};
		A0620B2D18D7242C003A7A55 /* Release */ = {
			isa = XCBuildConfiguration;
			baseConfigurationReference = 42AADAB7606D44D9A9B23A74 /* Pods.xcconfig */;
			buildSettings = {
				BUNDLE_LOADER = "$(BUILT_PRODUCTS_DIR)/TiCheck.app/TiCheck";
				FRAMEWORK_SEARCH_PATHS = (
					"$(SDKROOT)/Developer/Library/Frameworks",
					"$(inherited)",
					"$(DEVELOPER_FRAMEWORKS_DIR)",
				);
				GCC_PRECOMPILE_PREFIX_HEADER = YES;
				GCC_PREFIX_HEADER = "TiCheck/TiCheck-Prefix.pch";
				INFOPLIST_FILE = "TiCheckTests/TiCheckTests-Info.plist";
				PRODUCT_NAME = "$(TARGET_NAME)";
				TEST_HOST = "$(BUNDLE_LOADER)";
				WRAPPER_EXTENSION = xctest;
			};
			name = Release;
		};
/* End XCBuildConfiguration section */

/* Begin XCConfigurationList section */
		A0620AF118D7242C003A7A55 /* Build configuration list for PBXProject "TiCheck" */ = {
			isa = XCConfigurationList;
			buildConfigurations = (
				A0620B2618D7242C003A7A55 /* Debug */,
				A0620B2718D7242C003A7A55 /* Release */,
			);
			defaultConfigurationIsVisible = 0;
			defaultConfigurationName = Release;
		};
		A0620B2818D7242C003A7A55 /* Build configuration list for PBXNativeTarget "TiCheck" */ = {
			isa = XCConfigurationList;
			buildConfigurations = (
				A0620B2918D7242C003A7A55 /* Debug */,
				A0620B2A18D7242C003A7A55 /* Release */,
			);
			defaultConfigurationIsVisible = 0;
			defaultConfigurationName = Release;
		};
		A0620B2B18D7242C003A7A55 /* Build configuration list for PBXNativeTarget "TiCheckTests" */ = {
			isa = XCConfigurationList;
			buildConfigurations = (
				A0620B2C18D7242C003A7A55 /* Debug */,
				A0620B2D18D7242C003A7A55 /* Release */,
			);
			defaultConfigurationIsVisible = 0;
			defaultConfigurationName = Release;
		};
/* End XCConfigurationList section */
	};
	rootObject = A0620AEE18D7242C003A7A55 /* Project object */;
}
