// !$*UTF8*$!
{
	archiveVersion = 1;
	classes = {
	};
	objectVersion = 46;
	objects = {

/* Begin PBXBuildFile section */
		A0620AFA18D7242C003A7A55 /* Foundation.framework in Frameworks */ = {isa = PBXBuildFile; fileRef = A0620AF918D7242C003A7A55 /* Foundation.framework */; };
		A0620AFC18D7242C003A7A55 /* CoreGraphics.framework in Frameworks */ = {isa = PBXBuildFile; fileRef = A0620AFB18D7242C003A7A55 /* CoreGraphics.framework */; };
		A0620AFE18D7242C003A7A55 /* UIKit.framework in Frameworks */ = {isa = PBXBuildFile; fileRef = A0620AFD18D7242C003A7A55 /* UIKit.framework */; };
		A0620B0018D7242C003A7A55 /* CoreData.framework in Frameworks */ = {isa = PBXBuildFile; fileRef = A0620AFF18D7242C003A7A55 /* CoreData.framework */; };
		A0620B0618D7242C003A7A55 /* InfoPlist.strings in Resources */ = {isa = PBXBuildFile; fileRef = A0620B0418D7242C003A7A55 /* InfoPlist.strings */; };
		A0620B0818D7242C003A7A55 /* main.m in Sources */ = {isa = PBXBuildFile; fileRef = A0620B0718D7242C003A7A55 /* main.m */; };
		A0620B0C18D7242C003A7A55 /* AppDelegate.m in Sources */ = {isa = PBXBuildFile; fileRef = A0620B0B18D7242C003A7A55 /* AppDelegate.m */; };
		A0620B0F18D7242C003A7A55 /* TiCheck.xcdatamodeld in Sources */ = {isa = PBXBuildFile; fileRef = A0620B0D18D7242C003A7A55 /* TiCheck.xcdatamodeld */; };
		A0620B1118D7242C003A7A55 /* Images.xcassets in Resources */ = {isa = PBXBuildFile; fileRef = A0620B1018D7242C003A7A55 /* Images.xcassets */; };
		A0620B1818D7242C003A7A55 /* XCTest.framework in Frameworks */ = {isa = PBXBuildFile; fileRef = A0620B1718D7242C003A7A55 /* XCTest.framework */; };
		A0620B1918D7242C003A7A55 /* Foundation.framework in Frameworks */ = {isa = PBXBuildFile; fileRef = A0620AF918D7242C003A7A55 /* Foundation.framework */; };
		A0620B1A18D7242C003A7A55 /* UIKit.framework in Frameworks */ = {isa = PBXBuildFile; fileRef = A0620AFD18D7242C003A7A55 /* UIKit.framework */; };
		A0620B1B18D7242C003A7A55 /* CoreData.framework in Frameworks */ = {isa = PBXBuildFile; fileRef = A0620AFF18D7242C003A7A55 /* CoreData.framework */; };
		A0620B2318D7242C003A7A55 /* InfoPlist.strings in Resources */ = {isa = PBXBuildFile; fileRef = A0620B2118D7242C003A7A55 /* InfoPlist.strings */; };
		A0620B2518D7242C003A7A55 /* TiCheckTests.m in Sources */ = {isa = PBXBuildFile; fileRef = A0620B2418D7242C003A7A55 /* TiCheckTests.m */; };
/* End PBXBuildFile section */

/* Begin PBXContainerItemProxy section */
		A0620B1C18D7242C003A7A55 /* PBXContainerItemProxy */ = {
			isa = PBXContainerItemProxy;
			containerPortal = A0620AEE18D7242C003A7A55 /* Project object */;
			proxyType = 1;
			remoteGlobalIDString = A0620AF518D7242C003A7A55;
			remoteInfo = TiCheck;
		};
/* End PBXContainerItemProxy section */

/* Begin PBXFileReference section */
		A0620AF618D7242C003A7A55 /* TiCheck.app */ = {isa = PBXFileReference; explicitFileType = wrapper.application; includeInIndex = 0; path = TiCheck.app; sourceTree = BUILT_PRODUCTS_DIR; };
		A0620AF918D7242C003A7A55 /* Foundation.framework */ = {isa = PBXFileReference; lastKnownFileType = wrapper.framework; name = Foundation.framework; path = System/Library/Frameworks/Foundation.framework; sourceTree = SDKROOT; };
		A0620AFB18D7242C003A7A55 /* CoreGraphics.framework */ = {isa = PBXFileReference; lastKnownFileType = wrapper.framework; name = CoreGraphics.framework; path = System/Library/Frameworks/CoreGraphics.framework; sourceTree = SDKROOT; };
		A0620AFD18D7242C003A7A55 /* UIKit.framework */ = {isa = PBXFileReference; lastKnownFileType = wrapper.framework; name = UIKit.framework; path = System/Library/Frameworks/UIKit.framework; sourceTree = SDKROOT; };
		A0620AFF18D7242C003A7A55 /* CoreData.framework */ = {isa = PBXFileReference; lastKnownFileType = wrapper.framework; name = CoreData.framework; path = System/Library/Frameworks/CoreData.framework; sourceTree = SDKROOT; };
		A0620B0318D7242C003A7A55 /* TiCheck-Info.plist */ = {isa = PBXFileReference; lastKnownFileType = text.plist.xml; path = "TiCheck-Info.plist"; sourceTree = "<group>"; };
		A0620B0518D7242C003A7A55 /* en */ = {isa = PBXFileReference; lastKnownFileType = text.plist.strings; name = en; path = en.lproj/InfoPlist.strings; sourceTree = "<group>"; };
		A0620B0718D7242C003A7A55 /* main.m */ = {isa = PBXFileReference; lastKnownFileType = sourcecode.c.objc; path = main.m; sourceTree = "<group>"; };
		A0620B0918D7242C003A7A55 /* TiCheck-Prefix.pch */ = {isa = PBXFileReference; lastKnownFileType = sourcecode.c.h; path = "TiCheck-Prefix.pch"; sourceTree = "<group>"; };
		A0620B0A18D7242C003A7A55 /* AppDelegate.h */ = {isa = PBXFileReference; lastKnownFileType = sourcecode.c.h; path = AppDelegate.h; sourceTree = "<group>"; };
		A0620B0B18D7242C003A7A55 /* AppDelegate.m */ = {isa = PBXFileReference; lastKnownFileType = sourcecode.c.objc; path = AppDelegate.m; sourceTree = "<group>"; };
		A0620B0E18D7242C003A7A55 /* TiCheck.xcdatamodel */ = {isa = PBXFileReference; lastKnownFileType = wrapper.xcdatamodel; path = TiCheck.xcdatamodel; sourceTree = "<group>"; };
		A0620B1018D7242C003A7A55 /* Images.xcassets */ = {isa = PBXFileReference; lastKnownFileType = folder.assetcatalog; path = Images.xcassets; sourceTree = "<group>"; };
		A0620B1618D7242C003A7A55 /* TiCheckTests.xctest */ = {isa = PBXFileReference; explicitFileType = wrapper.cfbundle; includeInIndex = 0; path = TiCheckTests.xctest; sourceTree = BUILT_PRODUCTS_DIR; };
		A0620B1718D7242C003A7A55 /* XCTest.framework */ = {isa = PBXFileReference; lastKnownFileType = wrapper.framework; name = XCTest.framework; path = Library/Frameworks/XCTest.framework; sourceTree = DEVELOPER_DIR; };
		A0620B2018D7242C003A7A55 /* TiCheckTests-Info.plist */ = {isa = PBXFileReference; lastKnownFileType = text.plist.xml; path = "TiCheckTests-Info.plist"; sourceTree = "<group>"; };
		A0620B2218D7242C003A7A55 /* en */ = {isa = PBXFileReference; lastKnownFileType = text.plist.strings; name = en; path = en.lproj/InfoPlist.strings; sourceTree = "<group>"; };
		A0620B2418D7242C003A7A55 /* TiCheckTests.m */ = {isa = PBXFileReference; lastKnownFileType = sourcecode.c.objc; path = TiCheckTests.m; sourceTree = "<group>"; };
/* End PBXFileReference section */

/* Begin PBXFrameworksBuildPhase section */
		A0620AF318D7242C003A7A55 /* Frameworks */ = {
			isa = PBXFrameworksBuildPhase;
			buildActionMask = 2147483647;
			files = (
				A0620AFC18D7242C003A7A55 /* CoreGraphics.framework in Frameworks */,
				A0620B0018D7242C003A7A55 /* CoreData.framework in Frameworks */,
				A0620AFE18D7242C003A7A55 /* UIKit.framework in Frameworks */,
				A0620AFA18D7242C003A7A55 /* Foundation.framework in Frameworks */,
			);
			runOnlyForDeploymentPostprocessing = 0;
		};
		A0620B1318D7242C003A7A55 /* Frameworks */ = {
			isa = PBXFrameworksBuildPhase;
			buildActionMask = 2147483647;
			files = (
				A0620B1818D7242C003A7A55 /* XCTest.framework in Frameworks */,
				A0620B1B18D7242C003A7A55 /* CoreData.framework in Frameworks */,
				A0620B1A18D7242C003A7A55 /* UIKit.framework in Frameworks */,
				A0620B1918D7242C003A7A55 /* Foundation.framework in Frameworks */,
			);
			runOnlyForDeploymentPostprocessing = 0;
		};
/* End PBXFrameworksBuildPhase section */

/* Begin PBXGroup section */
		A0620AED18D7242C003A7A55 = {
			isa = PBXGroup;
			children = (
				A0620B0118D7242C003A7A55 /* TiCheck */,
				A0620B1E18D7242C003A7A55 /* TiCheckTests */,
				A0620AF818D7242C003A7A55 /* Frameworks */,
				A0620AF718D7242C003A7A55 /* Products */,
			);
			sourceTree = "<group>";
		};
		A0620AF718D7242C003A7A55 /* Products */ = {
			isa = PBXGroup;
			children = (
				A0620AF618D7242C003A7A55 /* TiCheck.app */,
				A0620B1618D7242C003A7A55 /* TiCheckTests.xctest */,
			);
			name = Products;
			sourceTree = "<group>";
		};
		A0620AF818D7242C003A7A55 /* Frameworks */ = {
			isa = PBXGroup;
			children = (
				A0620AF918D7242C003A7A55 /* Foundation.framework */,
				A0620AFB18D7242C003A7A55 /* CoreGraphics.framework */,
				A0620AFD18D7242C003A7A55 /* UIKit.framework */,
				A0620AFF18D7242C003A7A55 /* CoreData.framework */,
				A0620B1718D7242C003A7A55 /* XCTest.framework */,
			);
			name = Frameworks;
			sourceTree = "<group>";
		};
		A0620B0118D7242C003A7A55 /* TiCheck */ = {
			isa = PBXGroup;
			children = (
				A0620B0A18D7242C003A7A55 /* AppDelegate.h */,
				A0620B0B18D7242C003A7A55 /* AppDelegate.m */,
				A0620B1018D7242C003A7A55 /* Images.xcassets */,
				A0620B0D18D7242C003A7A55 /* TiCheck.xcdatamodeld */,
				A0620B0218D7242C003A7A55 /* Supporting Files */,
			);
			path = TiCheck;
			sourceTree = "<group>";
		};
		A0620B0218D7242C003A7A55 /* Supporting Files */ = {
			isa = PBXGroup;
			children = (
				A0620B0318D7242C003A7A55 /* TiCheck-Info.plist */,
				A0620B0418D7242C003A7A55 /* InfoPlist.strings */,
				A0620B0718D7242C003A7A55 /* main.m */,
				A0620B0918D7242C003A7A55 /* TiCheck-Prefix.pch */,
			);
			name = "Supporting Files";
			sourceTree = "<group>";
		};
		A0620B1E18D7242C003A7A55 /* TiCheckTests */ = {
			isa = PBXGroup;
			children = (
				A0620B2418D7242C003A7A55 /* TiCheckTests.m */,
				A0620B1F18D7242C003A7A55 /* Supporting Files */,
			);
			path = TiCheckTests;
			sourceTree = "<group>";
		};
		A0620B1F18D7242C003A7A55 /* Supporting Files */ = {
			isa = PBXGroup;
			children = (
				A0620B2018D7242C003A7A55 /* TiCheckTests-Info.plist */,
				A0620B2118D7242C003A7A55 /* InfoPlist.strings */,
			);
			name = "Supporting Files";
			sourceTree = "<group>";
		};
/* End PBXGroup section */

/* Begin PBXNativeTarget section */
		A0620AF518D7242C003A7A55 /* TiCheck */ = {
			isa = PBXNativeTarget;
			buildConfigurationList = A0620B2818D7242C003A7A55 /* Build configuration list for PBXNativeTarget "TiCheck" */;
			buildPhases = (
				A0620AF218D7242C003A7A55 /* Sources */,
				A0620AF318D7242C003A7A55 /* Frameworks */,
				A0620AF418D7242C003A7A55 /* Resources */,
			);
			buildRules = (
			);
			dependencies = (
			);
			name = TiCheck;
			productName = TiCheck;
			productReference = A0620AF618D7242C003A7A55 /* TiCheck.app */;
			productType = "com.apple.product-type.application";
		};
		A0620B1518D7242C003A7A55 /* TiCheckTests */ = {
			isa = PBXNativeTarget;
			buildConfigurationList = A0620B2B18D7242C003A7A55 /* Build configuration list for PBXNativeTarget "TiCheckTests" */;
			buildPhases = (
				A0620B1218D7242C003A7A55 /* Sources */,
				A0620B1318D7242C003A7A55 /* Frameworks */,
				A0620B1418D7242C003A7A55 /* Resources */,
			);
			buildRules = (
			);
			dependencies = (
				A0620B1D18D7242C003A7A55 /* PBXTargetDependency */,
			);
			name = TiCheckTests;
			productName = TiCheckTests;
			productReference = A0620B1618D7242C003A7A55 /* TiCheckTests.xctest */;
			productType = "com.apple.product-type.bundle.unit-test";
		};
/* End PBXNativeTarget section */

/* Begin PBXProject section */
		A0620AEE18D7242C003A7A55 /* Project object */ = {
			isa = PBXProject;
			attributes = {
				LastUpgradeCheck = 0510;
				ORGANIZATIONNAME = tac;
				TargetAttributes = {
					A0620B1518D7242C003A7A55 = {
						TestTargetID = A0620AF518D7242C003A7A55;
					};
				};
			};
			buildConfigurationList = A0620AF118D7242C003A7A55 /* Build configuration list for PBXProject "TiCheck" */;
			compatibilityVersion = "Xcode 3.2";
			developmentRegion = English;
			hasScannedForEncodings = 0;
			knownRegions = (
				en,
			);
			mainGroup = A0620AED18D7242C003A7A55;
			productRefGroup = A0620AF718D7242C003A7A55 /* Products */;
			projectDirPath = "";
			projectRoot = "";
			targets = (
				A0620AF518D7242C003A7A55 /* TiCheck */,
				A0620B1518D7242C003A7A55 /* TiCheckTests */,
			);
		};
/* End PBXProject section */

/* Begin PBXResourcesBuildPhase section */
		A0620AF418D7242C003A7A55 /* Resources */ = {
			isa = PBXResourcesBuildPhase;
			buildActionMask = 2147483647;
			files = (
				A0620B0618D7242C003A7A55 /* InfoPlist.strings in Resources */,
				A0620B1118D7242C003A7A55 /* Images.xcassets in Resources */,
			);
			runOnlyForDeploymentPostprocessing = 0;
		};
		A0620B1418D7242C003A7A55 /* Resources */ = {
			isa = PBXResourcesBuildPhase;
			buildActionMask = 2147483647;
			files = (
				A0620B2318D7242C003A7A55 /* InfoPlist.strings in Resources */,
			);
			runOnlyForDeploymentPostprocessing = 0;
		};
/* End PBXResourcesBuildPhase section */

/* Begin PBXSourcesBuildPhase section */
		A0620AF218D7242C003A7A55 /* Sources */ = {
			isa = PBXSourcesBuildPhase;
			buildActionMask = 2147483647;
			files = (
				A0620B0F18D7242C003A7A55 /* TiCheck.xcdatamodeld in Sources */,
				A0620B0C18D7242C003A7A55 /* AppDelegate.m in Sources */,
				A0620B0818D7242C003A7A55 /* main.m in Sources */,
			);
			runOnlyForDeploymentPostprocessing = 0;
		};
		A0620B1218D7242C003A7A55 /* Sources */ = {
			isa = PBXSourcesBuildPhase;
			buildActionMask = 2147483647;
			files = (
				A0620B2518D7242C003A7A55 /* TiCheckTests.m in Sources */,
			);
			runOnlyForDeploymentPostprocessing = 0;
		};
/* End PBXSourcesBuildPhase section */

/* Begin PBXTargetDependency section */
		A0620B1D18D7242C003A7A55 /* PBXTargetDependency */ = {
			isa = PBXTargetDependency;
			target = A0620AF518D7242C003A7A55 /* TiCheck */;
			targetProxy = A0620B1C18D7242C003A7A55 /* PBXContainerItemProxy */;
		};
/* End PBXTargetDependency section */

/* Begin PBXVariantGroup section */
		A0620B0418D7242C003A7A55 /* InfoPlist.strings */ = {
			isa = PBXVariantGroup;
			children = (
				A0620B0518D7242C003A7A55 /* en */,
			);
			name = InfoPlist.strings;
			sourceTree = "<group>";
		};
		A0620B2118D7242C003A7A55 /* InfoPlist.strings */ = {
			isa = PBXVariantGroup;
			children = (
				A0620B2218D7242C003A7A55 /* en */,
			);
			name = InfoPlist.strings;
			sourceTree = "<group>";
		};
/* End PBXVariantGroup section */

/* Begin XCBuildConfiguration section */
		A0620B2618D7242C003A7A55 /* Debug */ = {
			isa = XCBuildConfiguration;
			buildSettings = {
				ALWAYS_SEARCH_USER_PATHS = NO;
				CLANG_CXX_LANGUAGE_STANDARD = "gnu++0x";
				CLANG_CXX_LIBRARY = "libc++";
				CLANG_ENABLE_MODULES = YES;
				CLANG_ENABLE_OBJC_ARC = YES;
				CLANG_WARN_BOOL_CONVERSION = YES;
				CLANG_WARN_CONSTANT_CONVERSION = YES;
				CLANG_WARN_DIRECT_OBJC_ISA_USAGE = YES_ERROR;
				CLANG_WARN_EMPTY_BODY = YES;
				CLANG_WARN_ENUM_CONVERSION = YES;
				CLANG_WARN_INT_CONVERSION = YES;
				CLANG_WARN_OBJC_ROOT_CLASS = YES_ERROR;
				CLANG_WARN__DUPLICATE_METHOD_MATCH = YES;
				"CODE_SIGN_IDENTITY[sdk=iphoneos*]" = "iPhone Developer";
				COPY_PHASE_STRIP = NO;
				GCC_C_LANGUAGE_STANDARD = gnu99;
				GCC_DYNAMIC_NO_PIC = NO;
				GCC_OPTIMIZATION_LEVEL = 0;
				GCC_PREPROCESSOR_DEFINITIONS = (
					"DEBUG=1",
					"$(inherited)",
				);
				GCC_SYMBOLS_PRIVATE_EXTERN = NO;
				GCC_WARN_64_TO_32_BIT_CONVERSION = YES;
				GCC_WARN_ABOUT_RETURN_TYPE = YES_ERROR;
				GCC_WARN_UNDECLARED_SELECTOR = YES;
				GCC_WARN_UNINITIALIZED_AUTOS = YES_AGGRESSIVE;
				GCC_WARN_UNUSED_FUNCTION = YES;
				GCC_WARN_UNUSED_VARIABLE = YES;
				IPHONEOS_DEPLOYMENT_TARGET = 7.1;
				ONLY_ACTIVE_ARCH = YES;
				SDKROOT = iphoneos;
			};
			name = Debug;
		};
		A0620B2718D7242C003A7A55 /* Release */ = {
			isa = XCBuildConfiguration;
			buildSettings = {
				ALWAYS_SEARCH_USER_PATHS = NO;
				CLANG_CXX_LANGUAGE_STANDARD = "gnu++0x";
				CLANG_CXX_LIBRARY = "libc++";
				CLANG_ENABLE_MODULES = YES;
				CLANG_ENABLE_OBJC_ARC = YES;
				CLANG_WARN_BOOL_CONVERSION = YES;
				CLANG_WARN_CONSTANT_CONVERSION = YES;
				CLANG_WARN_DIRECT_OBJC_ISA_USAGE = YES_ERROR;
				CLANG_WARN_EMPTY_BODY = YES;
				CLANG_WARN_ENUM_CONVERSION = YES;
				CLANG_WARN_INT_CONVERSION = YES;
				CLANG_WARN_OBJC_ROOT_CLASS = YES_ERROR;
				CLANG_WARN__DUPLICATE_METHOD_MATCH = YES;
				"CODE_SIGN_IDENTITY[sdk=iphoneos*]" = "iPhone Developer";
				COPY_PHASE_STRIP = YES;
				ENABLE_NS_ASSERTIONS = NO;
				GCC_C_LANGUAGE_STANDARD = gnu99;
				GCC_WARN_64_TO_32_BIT_CONVERSION = YES;
				GCC_WARN_ABOUT_RETURN_TYPE = YES_ERROR;
				GCC_WARN_UNDECLARED_SELECTOR = YES;
				GCC_WARN_UNINITIALIZED_AUTOS = YES_AGGRESSIVE;
				GCC_WARN_UNUSED_FUNCTION = YES;
				GCC_WARN_UNUSED_VARIABLE = YES;
				IPHONEOS_DEPLOYMENT_TARGET = 7.1;
				SDKROOT = iphoneos;
				VALIDATE_PRODUCT = YES;
			};
			name = Release;
		};
		A0620B2918D7242C003A7A55 /* Debug */ = {
			isa = XCBuildConfiguration;
			buildSettings = {
				ASSETCATALOG_COMPILER_APPICON_NAME = AppIcon;
				ASSETCATALOG_COMPILER_LAUNCHIMAGE_NAME = LaunchImage;
				GCC_PRECOMPILE_PREFIX_HEADER = YES;
				GCC_PREFIX_HEADER = "TiCheck/TiCheck-Prefix.pch";
				INFOPLIST_FILE = "TiCheck/TiCheck-Info.plist";
				PRODUCT_NAME = "$(TARGET_NAME)";
				WRAPPER_EXTENSION = app;
			};
			name = Debug;
		};
		A0620B2A18D7242C003A7A55 /* Release */ = {
			isa = XCBuildConfiguration;
			buildSettings = {
				ASSETCATALOG_COMPILER_APPICON_NAME = AppIcon;
				ASSETCATALOG_COMPILER_LAUNCHIMAGE_NAME = LaunchImage;
				GCC_PRECOMPILE_PREFIX_HEADER = YES;
				GCC_PREFIX_HEADER = "TiCheck/TiCheck-Prefix.pch";
				INFOPLIST_FILE = "TiCheck/TiCheck-Info.plist";
				PRODUCT_NAME = "$(TARGET_NAME)";
				WRAPPER_EXTENSION = app;
			};
			name = Release;
		};
		A0620B2C18D7242C003A7A55 /* Debug */ = {
			isa = XCBuildConfiguration;
			buildSettings = {
				BUNDLE_LOADER = "$(BUILT_PRODUCTS_DIR)/TiCheck.app/TiCheck";
				FRAMEWORK_SEARCH_PATHS = (
					"$(SDKROOT)/Developer/Library/Frameworks",
					"$(inherited)",
					"$(DEVELOPER_FRAMEWORKS_DIR)",
				);
				GCC_PRECOMPILE_PREFIX_HEADER = YES;
				GCC_PREFIX_HEADER = "TiCheck/TiCheck-Prefix.pch";
				GCC_PREPROCESSOR_DEFINITIONS = (
					"DEBUG=1",
					"$(inherited)",
				);
				INFOPLIST_FILE = "TiCheckTests/TiCheckTests-Info.plist";
				PRODUCT_NAME = "$(TARGET_NAME)";
				TEST_HOST = "$(BUNDLE_LOADER)";
				WRAPPER_EXTENSION = xctest;
			};
			name = Debug;
		};
		A0620B2D18D7242C003A7A55 /* Release */ = {
			isa = XCBuildConfiguration;
			buildSettings = {
				BUNDLE_LOADER = "$(BUILT_PRODUCTS_DIR)/TiCheck.app/TiCheck";
				FRAMEWORK_SEARCH_PATHS = (
					"$(SDKROOT)/Developer/Library/Frameworks",
					"$(inherited)",
					"$(DEVELOPER_FRAMEWORKS_DIR)",
				);
				GCC_PRECOMPILE_PREFIX_HEADER = YES;
				GCC_PREFIX_HEADER = "TiCheck/TiCheck-Prefix.pch";
				INFOPLIST_FILE = "TiCheckTests/TiCheckTests-Info.plist";
				PRODUCT_NAME = "$(TARGET_NAME)";
				TEST_HOST = "$(BUNDLE_LOADER)";
				WRAPPER_EXTENSION = xctest;
			};
			name = Release;
		};
/* End XCBuildConfiguration section */

/* Begin XCConfigurationList section */
		A0620AF118D7242C003A7A55 /* Build configuration list for PBXProject "TiCheck" */ = {
			isa = XCConfigurationList;
			buildConfigurations = (
				A0620B2618D7242C003A7A55 /* Debug */,
				A0620B2718D7242C003A7A55 /* Release */,
			);
			defaultConfigurationIsVisible = 0;
			defaultConfigurationName = Release;
		};
		A0620B2818D7242C003A7A55 /* Build configuration list for PBXNativeTarget "TiCheck" */ = {
			isa = XCConfigurationList;
			buildConfigurations = (
				A0620B2918D7242C003A7A55 /* Debug */,
				A0620B2A18D7242C003A7A55 /* Release */,
			);
			defaultConfigurationIsVisible = 0;
		};
		A0620B2B18D7242C003A7A55 /* Build configuration list for PBXNativeTarget "TiCheckTests" */ = {
			isa = XCConfigurationList;
			buildConfigurations = (
				A0620B2C18D7242C003A7A55 /* Debug */,
				A0620B2D18D7242C003A7A55 /* Release */,
			);
			defaultConfigurationIsVisible = 0;
		};
/* End XCConfigurationList section */

/* Begin XCVersionGroup section */
		A0620B0D18D7242C003A7A55 /* TiCheck.xcdatamodeld */ = {
			isa = XCVersionGroup;
			children = (
				A0620B0E18D7242C003A7A55 /* TiCheck.xcdatamodel */,
			);
			currentVersion = A0620B0E18D7242C003A7A55 /* TiCheck.xcdatamodel */;
			path = TiCheck.xcdatamodeld;
			sourceTree = "<group>";
			versionGroupType = wrapper.xcdatamodel;
		};
/* End XCVersionGroup section */
	};
	rootObject = A0620AEE18D7242C003A7A55 /* Project object */;
}
